{
  "version": 4,
  "terraform_version": "0.12.21",
  "serial": 420,
  "lineage": "fa978aeb-4d0b-12b8-7b1d-ed45db96b3f9",
  "outputs": {
    "log1": {
      "value": {
        "api_version": "18.2.9",
        "controller": "192.168.142.135",
        "password": "Avi_2020",
        "username": "admin"
      },
      "type": [
        "object",
        {
          "api_version": "string",
          "controller": "string",
          "password": "string",
          "username": "string"
        }
      ]
    },
    "log2": {
      "value": "admin",
      "type": "string"
    }
  },
  "resources": [
    {
      "mode": "data",
      "type": "avi_applicationprofile",
      "name": "application_profile1",
      "provider": "provider.avi",
      "instances": [
        {
          "schema_version": 0,
          "attributes": {
            "cloud_config_cksum": null,
            "created_by": null,
            "description": null,
            "dns_service_profile": [],
            "dos_rl_profile": [],
            "http_profile": [
              {
                "allow_dots_in_header_name": false,
                "cache_config": [
                  {
                    "age_header": false,
                    "aggressive": false,
                    "date_header": false,
                    "default_expire": 0,
                    "enabled": false,
                    "heuristic_expire": false,
                    "ignore_request_cache_control": false,
                    "max_cache_size": 0,
                    "max_object_size": 0,
                    "mime_types_black_group_refs": [],
                    "mime_types_black_list": [],
                    "mime_types_group_refs": [
                      "https://192.168.142.135/api/stringgroup/stringgroup-fe6eded7-eb53-487e-9557-4eeaa05c724b"
                    ],
                    "mime_types_list": [],
                    "min_object_size": 0,
                    "query_cacheable": false,
                    "uri_non_cacheable": [],
                    "xcache_header": false
                  }
                ],
                "client_body_timeout": 0,
                "client_header_timeout": 0,
                "client_max_body_size": 0,
                "client_max_header_size": 0,
                "client_max_request_size": 0,
                "compression_profile": [
                  {
                    "compressible_content_ref": "https://192.168.142.135/api/stringgroup/stringgroup-2075524c-1529-4171-9335-7fd79bc3acd9",
                    "compression": false,
                    "filter": [],
                    "remove_accept_encoding_header": true,
                    "type": "AUTO_COMPRESSION"
                  }
                ],
                "connection_multiplexing_enabled": false,
                "disable_keepalive_posts_msie6": false,
                "disable_sni_hostname_check": false,
                "enable_chunk_merge": false,
                "enable_fire_and_forget": false,
                "enable_request_body_buffering": false,
                "enable_request_body_metrics": false,
                "fwd_close_hdr_for_bound_connections": false,
                "hsts_enabled": true,
                "hsts_max_age": 0,
                "hsts_subdomains_enabled": false,
                "http2_enabled": false,
                "http_to_https": true,
                "httponly_enabled": true,
                "keepalive_header": false,
                "keepalive_timeout": 0,
                "max_bad_rps_cip": 0,
                "max_bad_rps_cip_uri": 0,
                "max_bad_rps_uri": 0,
                "max_http2_concurrent_streams_per_connection": 0,
                "max_http2_control_frames_per_connection": 0,
                "max_http2_empty_data_frames_per_connection": 0,
                "max_http2_queued_frames_to_client_per_connection": 0,
                "max_keepalive_requests": 0,
                "max_response_headers_size": 0,
                "max_rps_cip": 0,
                "max_rps_cip_uri": 0,
                "max_rps_unknown_cip": 0,
                "max_rps_unknown_uri": 0,
                "max_rps_uri": 0,
                "pki_profile_ref": "",
                "post_accept_timeout": 0,
                "reset_conn_http_on_ssl_port": false,
                "respond_with_100_continue": false,
                "secure_cookie_enabled": true,
                "server_side_redirect_to_https": true,
                "ssl_client_certificate_action": [],
                "ssl_client_certificate_mode": "",
                "use_app_keepalive_timeout": false,
                "websockets_enabled": false,
                "x_forwarded_proto_enabled": true,
                "xff_alternate_name": "",
                "xff_enabled": false
              }
            ],
            "id": "https://192.168.142.135/api/applicationprofile/applicationprofile-6ee9c47c-e309-49c0-bdc5-f4a111e1089a",
            "name": "System-Secure-HTTP",
            "preserve_client_ip": null,
            "preserve_client_port": null,
            "sip_service_profile": [],
            "tcp_app_profile": [],
            "tenant_ref": "https://192.168.142.135/api/tenant/admin",
            "type": "APPLICATION_PROFILE_TYPE_HTTP",
            "uuid": "applicationprofile-6ee9c47c-e309-49c0-bdc5-f4a111e1089a"
          }
        }
      ]
    },
    {
      "mode": "data",
      "type": "avi_cloud",
      "name": "default_cloud",
      "provider": "provider.avi",
      "instances": [
        {
          "schema_version": 0,
          "attributes": {
            "apic_configuration": [],
            "apic_mode": null,
            "autoscale_polling_interval": null,
            "aws_configuration": [],
            "azure_configuration": [],
            "cloudstack_configuration": [],
            "custom_tags": null,
            "dhcp_enabled": null,
            "dns_provider_ref": "https://192.168.142.135/api/ipamdnsproviderprofile/ipamdnsproviderprofile-52749982-6eaa-4823-baa2-dc539c85966a",
            "dns_resolution_on_se": null,
            "docker_configuration": [],
            "east_west_dns_provider_ref": null,
            "east_west_ipam_provider_ref": null,
            "enable_vip_on_all_interfaces": null,
            "enable_vip_static_routes": null,
            "gcp_configuration": [],
            "id": "https://192.168.142.135/api/cloud/cloud-141d1115-57ea-4d93-b96a-b941c69773a6",
            "ip6_autocfg_enabled": null,
            "ipam_provider_ref": "https://192.168.142.135/api/ipamdnsproviderprofile/ipamdnsproviderprofile-c8f792ff-0ced-4ff0-a079-51141f4aeaa9",
            "license_tier": "ENTERPRISE_18",
            "license_type": "LIC_CORES",
            "linuxserver_configuration": [
              {
                "hosts": [
                  {
                    "host_attr": [
                      {
                        "attr_key": "CPU",
                        "attr_val": "1"
                      },
                      {
                        "attr_key": "MEMORY",
                        "attr_val": "1"
                      },
                      {
                        "attr_key": "DPDK",
                        "attr_val": "No"
                      },
                      {
                        "attr_key": "SE_INBAND_MGMT",
                        "attr_val": "False"
                      }
                    ],
                    "host_ip": [
                      {
                        "addr": "192.168.142.129",
                        "type": "V4"
                      }
                    ],
                    "node_availability_zone": "",
                    "se_group_ref": "https://192.168.142.135/api/serviceenginegroup/serviceenginegroup-10038bea-ec57-4fe2-83e3-c91e9aafc6b2"
                  },
                  {
                    "host_attr": [
                      {
                        "attr_key": "CPU",
                        "attr_val": "1"
                      },
                      {
                        "attr_key": "MEMORY",
                        "attr_val": "1"
                      },
                      {
                        "attr_key": "DPDK",
                        "attr_val": "No"
                      },
                      {
                        "attr_key": "SE_INBAND_MGMT",
                        "attr_val": "False"
                      }
                    ],
                    "host_ip": [
                      {
                        "addr": "192.168.142.130",
                        "type": "V4"
                      }
                    ],
                    "node_availability_zone": "",
                    "se_group_ref": "https://192.168.142.135/api/serviceenginegroup/serviceenginegroup-10038bea-ec57-4fe2-83e3-c91e9aafc6b2"
                  }
                ],
                "se_inband_mgmt": false,
                "se_log_disk_path": "",
                "se_log_disk_size_gb": 0,
                "se_sys_disk_path": "",
                "se_sys_disk_size_gb": 0,
                "ssh_user_ref": "https://192.168.142.135/api/cloudconnectoruser/cloudconnectoruser-05fc5584-1abc-4d0f-9da1-cfef9e7bc08e"
              }
            ],
            "mtu": null,
            "name": "Default-Cloud",
            "nsx_configuration": [],
            "obj_name_prefix": null,
            "openstack_configuration": [],
            "oshiftk8s_configuration": [],
            "prefer_static_routes": null,
            "proxy_configuration": [],
            "rancher_configuration": [],
            "se_group_template_ref": null,
            "state_based_dns_registration": null,
            "tenant_ref": "https://192.168.142.135/api/tenant/admin",
            "uuid": "cloud-141d1115-57ea-4d93-b96a-b941c69773a6",
            "vca_configuration": [],
            "vcenter_configuration": [],
            "vtype": "CLOUD_LINUXSERVER"
          }
        }
      ]
    },
    {
      "mode": "data",
      "type": "avi_networkprofile",
      "name": "network_profile1",
      "provider": "provider.avi",
      "instances": [
        {
          "schema_version": 0,
          "attributes": {
            "connection_mirror": null,
            "description": null,
            "id": "https://192.168.142.135/api/networkprofile/networkprofile-62d247ed-e8fa-4ade-8a9c-09c1ff39c8cf",
            "name": "System-TCP-Proxy",
            "profile": [
              {
                "tcp_fast_path_profile": [],
                "tcp_proxy_profile": [],
                "type": "PROTOCOL_TYPE_TCP_PROXY",
                "udp_fast_path_profile": [],
                "udp_proxy_profile": []
              }
            ],
            "tenant_ref": "https://192.168.142.135/api/tenant/admin",
            "uuid": "networkprofile-62d247ed-e8fa-4ade-8a9c-09c1ff39c8cf"
          }
        }
      ]
    },
    {
      "mode": "data",
      "type": "avi_sslkeyandcertificate",
      "name": "ssl_cert1",
      "provider": "provider.avi",
      "instances": [
        {
          "schema_version": 0,
          "attributes": {
            "ca_certs": null,
            "certificate": [
              {
                "certificate": "-----BEGIN CERTIFICATE-----\nMIIDOjCCAiKgAwIBAgIJAIvpG6tIoWPhMA0GCSqGSIb3DQEBCwUAMB4xHDAaBgNV\nBAMME1N5c3RlbSBEZWZhdWx0IENlcnQwHhcNMjAwNjA5MTk1MDI2WhcNMzAwNjA3\nMTk1MDI2WjAeMRwwGgYDVQQDDBNTeXN0ZW0gRGVmYXVsdCBDZXJ0MIIBIjANBgkq\nhkiG9w0BAQEFAAOCAQ8AMIIBCgKCAQEAoWtxCbTr/eY7/v3bno1cMrd62v93lmHp\nQYGD/Q7LXey7SmlSb14HAYrj0dnV7K3YJ+SW+vslDAWzinDD1vhKvikw5LBOXPyX\nYkMdSNDQ9qLSIQ0Bf3ecsIdXLqycSNvcQeZE27PAltv8D9Efnj1OzmoLfluKi4cU\nvtV2NfTLFeTyh8MoDawbfK/JGvpOqQpAdFFDlBlPMjUp14Wk6QzlkUayGovPvPUj\n3ipZd0rr4QezpDq5pTBc6x1NilC48wTRqF9sz0gYKuAn+2dddfDVj0jRKlMRROib\n3eT6wufBszOgIhu+FSvIhaL3J3Xis+29aRDZa8ZFM91ZMQpbFH9JhwIDAQABo3sw\neTAJBgNVHRMEAjAAMCwGCWCGSAGG+EIBDQQfFh1PcGVuU1NMIEdlbmVyYXRlZCBD\nZXJ0aWZpY2F0ZTAdBgNVHQ4EFgQUo0ux8VU1GOAtEfqRAg1jVRGc8TcwHwYDVR0j\nBBgwFoAUo0ux8VU1GOAtEfqRAg1jVRGc8TcwDQYJKoZIhvcNAQELBQADggEBAJY8\n1EOKya7HyZx8aTPbWrRrh75pSU8ZUFKFa1ZizB0LwkYryM8MuMRwV1RERzJEW9tU\n6Vi3tINEykwwYhyC4Lw1oofW/rKgVDO29IFSH6JQIpevmzl8hVkKA+vr/5dYveLN\nZl4KvRypAHzIQWg7hOAhV2iu8X4EYJToXyk9tbL+L8+DNtHaSpjQ3Srck8BmX1Dq\ntQ3gk70RK6DpOGFh0SHLIcJazd5XxWcAgL5KKg1ko3Ig2ksgPLRlRPEbiw30k9uI\niPK1PLkdsg5kGkGlEZawsNOoXpMD0lR1HaP6Tu+m0vaVA4Rj9myZAS6tHP7LrqE0\nAu4GHAtcxO9xfgKah5E=\n-----END CERTIFICATE-----\n",
                "certificate_signing_request": "",
                "chain_verified": false,
                "days_until_expire": 3650,
                "expiry_status": "",
                "fingerprint": "SHA1 Fingerprint=A9:A2:85:07:0D:6C:BF:CC:B2:55:15:CF:23:EF:70:32:D3:12:C7:E3\n",
                "issuer": [
                  {
                    "common_name": "System Default Cert",
                    "country": "",
                    "distinguished_name": "CN=System Default Cert",
                    "email_address": "",
                    "locality": "",
                    "organization": "",
                    "organization_unit": "",
                    "state": ""
                  }
                ],
                "key_params": [],
                "not_after": "2030-06-07 19:50:26",
                "not_before": "2020-06-09 19:50:26",
                "public_key": "-----BEGIN PUBLIC KEY-----\nMIIBIjANBgkqhkiG9w0BAQEFAAOCAQ8AMIIBCgKCAQEAoWtxCbTr/eY7/v3bno1c\nMrd62v93lmHpQYGD/Q7LXey7SmlSb14HAYrj0dnV7K3YJ+SW+vslDAWzinDD1vhK\nvikw5LBOXPyXYkMdSNDQ9qLSIQ0Bf3ecsIdXLqycSNvcQeZE27PAltv8D9Efnj1O\nzmoLfluKi4cUvtV2NfTLFeTyh8MoDawbfK/JGvpOqQpAdFFDlBlPMjUp14Wk6Qzl\nkUayGovPvPUj3ipZd0rr4QezpDq5pTBc6x1NilC48wTRqF9sz0gYKuAn+2dddfDV\nj0jRKlMRROib3eT6wufBszOgIhu+FSvIhaL3J3Xis+29aRDZa8ZFM91ZMQpbFH9J\nhwIDAQAB\n-----END PUBLIC KEY-----\n",
                "self_signed": true,
                "serial_number": "10081619663317459937",
                "signature": "",
                "signature_algorithm": "sha256WithRSAEncryption",
                "subject": [
                  {
                    "common_name": "System Default Cert",
                    "country": "",
                    "distinguished_name": "CN=System Default Cert",
                    "email_address": "",
                    "locality": "",
                    "organization": "",
                    "organization_unit": "",
                    "state": ""
                  }
                ],
                "subject_alt_names": [],
                "text": "Certificate:\n    Data:\n        Version: 3 (0x2)\n        Serial Number: 10081619663317459937 (0x8be91bab48a163e1)\n    Signature Algorithm: sha256WithRSAEncryption\n        Issuer: CN=System Default Cert\n        Validity\n            Not Before: Jun  9 19:50:26 2020 GMT\n            Not After : Jun  7 19:50:26 2030 GMT\n        Subject: CN=System Default Cert\n        Subject Public Key Info:\n            Public Key Algorithm: rsaEncryption\n                Public-Key: (2048 bit)\n                Modulus:\n                    00:a1:6b:71:09:b4:eb:fd:e6:3b:fe:fd:db:9e:8d:\n                    5c:32:b7:7a:da:ff:77:96:61:e9:41:81:83:fd:0e:\n                    cb:5d:ec:bb:4a:69:52:6f:5e:07:01:8a:e3:d1:d9:\n                    d5:ec:ad:d8:27:e4:96:fa:fb:25:0c:05:b3:8a:70:\n                    c3:d6:f8:4a:be:29:30:e4:b0:4e:5c:fc:97:62:43:\n                    1d:48:d0:d0:f6:a2:d2:21:0d:01:7f:77:9c:b0:87:\n                    57:2e:ac:9c:48:db:dc:41:e6:44:db:b3:c0:96:db:\n                    fc:0f:d1:1f:9e:3d:4e:ce:6a:0b:7e:5b:8a:8b:87:\n                    14:be:d5:76:35:f4:cb:15:e4:f2:87:c3:28:0d:ac:\n                    1b:7c:af:c9:1a:fa:4e:a9:0a:40:74:51:43:94:19:\n                    4f:32:35:29:d7:85:a4:e9:0c:e5:91:46:b2:1a:8b:\n                    cf:bc:f5:23:de:2a:59:77:4a:eb:e1:07:b3:a4:3a:\n                    b9:a5:30:5c:eb:1d:4d:8a:50:b8:f3:04:d1:a8:5f:\n                    6c:cf:48:18:2a:e0:27:fb:67:5d:75:f0:d5:8f:48:\n                    d1:2a:53:11:44:e8:9b:dd:e4:fa:c2:e7:c1:b3:33:\n                    a0:22:1b:be:15:2b:c8:85:a2:f7:27:75:e2:b3:ed:\n                    bd:69:10:d9:6b:c6:45:33:dd:59:31:0a:5b:14:7f:\n                    49:87\n                Exponent: 65537 (0x10001)\n        X509v3 extensions:\n            X509v3 Basic Constraints: \n                CA:FALSE\n            Netscape Comment: \n                OpenSSL Generated Certificate\n            X509v3 Subject Key Identifier: \n                A3:4B:B1:F1:55:35:18:E0:2D:11:FA:91:02:0D:63:55:11:9C:F1:37\n            X509v3 Authority Key Identifier: \n                keyid:A3:4B:B1:F1:55:35:18:E0:2D:11:FA:91:02:0D:63:55:11:9C:F1:37\n\n    Signature Algorithm: sha256WithRSAEncryption\n         96:3c:d4:43:8a:c9:ae:c7:c9:9c:7c:69:33:db:5a:b4:6b:87:\n         be:69:49:4f:19:50:52:85:6b:56:62:cc:1d:0b:c2:46:2b:c8:\n         cf:0c:b8:c4:70:57:54:44:47:32:44:5b:db:54:e9:58:b7:b4:\n         83:44:ca:4c:30:62:1c:82:e0:bc:35:a2:87:d6:fe:b2:a0:54:\n         33:b6:f4:81:52:1f:a2:50:22:97:af:9b:39:7c:85:59:0a:03:\n         eb:eb:ff:97:58:bd:e2:cd:66:5e:0a:bd:1c:a9:00:7c:c8:41:\n         68:3b:84:e0:21:57:68:ae:f1:7e:04:60:94:e8:5f:29:3d:b5:\n         b2:fe:2f:cf:83:36:d1:da:4a:98:d0:dd:2a:dc:93:c0:66:5f:\n         50:ea:b5:0d:e0:93:bd:11:2b:a0:e9:38:61:61:d1:21:cb:21:\n         c2:5a:cd:de:57:c5:67:00:80:be:4a:2a:0d:64:a3:72:20:da:\n         4b:20:3c:b4:65:44:f1:1b:8b:0d:f4:93:db:88:88:f2:b5:3c:\n         b9:1d:b2:0e:64:1a:41:a5:11:96:b0:b0:d3:a8:5e:93:03:d2:\n         54:75:1d:a3:fa:4e:ef:a6:d2:f6:95:03:84:63:f6:6c:99:01:\n         2e:ad:1c:fe:cb:ae:a1:34:02:ee:06:1c:0b:5c:c4:ef:71:7e:\n         02:9a:87:91\n",
                "version": "2"
              }
            ],
            "certificate_base64": null,
            "certificate_management_profile_ref": null,
            "created_by": null,
            "dynamic_params": null,
            "enckey_base64": null,
            "enckey_name": null,
            "format": null,
            "hardwaresecuritymodulegroup_ref": null,
            "id": "https://192.168.142.135/api/sslkeyandcertificate/sslkeyandcertificate-b686ec2d-25cb-4e48-9cae-f497b1093d0b",
            "key": "\u003csensitive\u003e",
            "key_base64": null,
            "key_params": [
              {
                "algorithm": "SSL_KEY_ALGORITHM_RSA",
                "ec_params": [],
                "rsa_params": []
              }
            ],
            "key_passphrase": null,
            "name": "System-Default-Cert",
            "status": null,
            "tenant_ref": "https://192.168.142.135/api/tenant/admin",
            "type": "SSL_CERTIFICATE_TYPE_VIRTUALSERVICE",
            "uuid": "sslkeyandcertificate-b686ec2d-25cb-4e48-9cae-f497b1093d0b"
          }
        }
      ]
    },
    {
      "mode": "data",
      "type": "avi_sslprofile",
      "name": "ssl_profile1",
      "provider": "provider.avi",
      "instances": [
        {
          "schema_version": 0,
          "attributes": {
            "accepted_ciphers": "ECDHE-ECDSA-AES128-GCM-SHA256:ECDHE-ECDSA-AES128-SHA:ECDHE-ECDSA-AES256-SHA:ECDHE-ECDSA-AES256-GCM-SHA384:ECDHE-ECDSA-AES128-SHA256:ECDHE-ECDSA-AES256-SHA384:ECDHE-RSA-AES128-GCM-SHA256:ECDHE-RSA-AES256-GCM-SHA384:ECDHE-RSA-AES128-SHA:ECDHE-RSA-AES128-SHA256:ECDHE-RSA-AES256-SHA:ECDHE-RSA-AES256-SHA384:AES128-GCM-SHA256:AES256-GCM-SHA384:AES128-SHA256:AES256-SHA256:AES128-SHA:AES256-SHA",
            "accepted_versions": [
              {
                "type": "SSL_VERSION_TLS1"
              },
              {
                "type": "SSL_VERSION_TLS1_1"
              },
              {
                "type": "SSL_VERSION_TLS1_2"
              }
            ],
            "cipher_enums": [
              "TLS_ECDHE_ECDSA_WITH_AES_128_GCM_SHA256",
              "TLS_ECDHE_ECDSA_WITH_AES_128_CBC_SHA",
              "TLS_ECDHE_ECDSA_WITH_AES_256_CBC_SHA",
              "TLS_ECDHE_ECDSA_WITH_AES_256_GCM_SHA384",
              "TLS_ECDHE_ECDSA_WITH_AES_128_CBC_SHA256",
              "TLS_ECDHE_ECDSA_WITH_AES_256_CBC_SHA384",
              "TLS_ECDHE_RSA_WITH_AES_128_GCM_SHA256",
              "TLS_ECDHE_RSA_WITH_AES_256_GCM_SHA384",
              "TLS_ECDHE_RSA_WITH_AES_128_CBC_SHA",
              "TLS_ECDHE_RSA_WITH_AES_128_CBC_SHA256",
              "TLS_ECDHE_RSA_WITH_AES_256_CBC_SHA",
              "TLS_ECDHE_RSA_WITH_AES_256_CBC_SHA384",
              "TLS_RSA_WITH_AES_128_GCM_SHA256",
              "TLS_RSA_WITH_AES_256_GCM_SHA384",
              "TLS_RSA_WITH_AES_128_CBC_SHA256",
              "TLS_RSA_WITH_AES_256_CBC_SHA256",
              "TLS_RSA_WITH_AES_128_CBC_SHA",
              "TLS_RSA_WITH_AES_256_CBC_SHA"
            ],
            "ciphersuites": "",
            "description": null,
            "dhparam": "-----BEGIN DH PARAMETERS-----\nMIIBCAKCAQEAohUmEGbnPo1dxqvGg7zslnKTZAPPNnE7l1SdTbuPbsYF83J+VDkE\npUorADcUydwdPM9nTLEk4qKGnNsbt0S+WXf6EcP0oa+rjRFXsvb4B+tD4VHGmtDA\n/iivo51hKu93xaoS0xe9TjI9ZZBcirzyz3V55u/OICgNwRM6nL/Fxx3RXG3LGHP4\nJF73p/kR5cNB9ebYuKYaEzkTOg6pmCyguBEBdg40br+I59rQLgzn2WMRb1bZRUzy\nqSIIAMyok9/bsaxyCCsgVzkTPTtlYM9ooJzSGarlNaBhP3AerMdCV6rAQFYfP9vw\nKvbiJcx+IEdHViJLl2LAFl/gYxOnIBHAswIBAg==\n-----END DH PARAMETERS-----\n",
            "enable_early_data": null,
            "enable_ssl_session_reuse": null,
            "id": "https://192.168.142.135/api/sslprofile/sslprofile-af109173-1af6-4925-9ace-d5339f33751c",
            "name": "System-Standard",
            "prefer_client_cipher_ordering": null,
            "send_close_notify": null,
            "ssl_rating": [
              {
                "compatibility_rating": "SSL_SCORE_EXCELLENT",
                "performance_rating": "SSL_SCORE_EXCELLENT",
                "security_score": "100.0"
              }
            ],
            "ssl_session_timeout": null,
            "tags": null,
            "tenant_ref": "https://192.168.142.135/api/tenant/admin",
            "type": null,
            "uuid": "sslprofile-af109173-1af6-4925-9ace-d5339f33751c"
          }
        }
      ]
    },
    {
      "mode": "managed",
      "type": "avi_healthmonitor",
      "name": "hm",
      "provider": "provider.avi",
      "instances": [
        {
          "schema_version": 0,
          "attributes": {
            "allow_duplicate_monitors": null,
            "description": null,
            "disable_quickstart": null,
            "dns_monitor": [],
            "external_monitor": [],
            "failed_checks": 2,
            "http_monitor": [
              {
                "exact_http_request": false,
                "http_request": "HEAD / HTTP/1.0",
                "http_response": "",
                "http_response_code": [
                  "HTTP_2XX",
                  "HTTP_3XX",
                  "HTTP_5XX"
                ],
                "maintenance_code": [],
                "maintenance_response": "",
                "ssl_attributes": []
              }
            ],
            "https_monitor": [],
            "id": "https://192.168.142.135/api/healthmonitor/healthmonitor-37c52aeb-4242-4598-abca-528be4ff7670",
            "is_federated": false,
            "monitor_port": null,
            "name": "tfHm1",
            "radius_monitor": [],
            "receive_timeout": 1,
            "send_interval": 1,
            "sip_monitor": [],
            "successful_checks": 2,
            "tcp_monitor": [],
            "tenant_ref": "https://192.168.142.135/api/tenant/admin",
            "type": "HEALTH_MONITOR_HTTP",
            "udp_monitor": [],
            "uuid": "healthmonitor-37c52aeb-4242-4598-abca-528be4ff7670"
          },
          "private": "bnVsbA=="
        }
      ]
    },
    {
      "mode": "managed",
      "type": "avi_pool",
      "name": "lbpool",
      "provider": "provider.avi",
      "instances": [
        {
          "schema_version": 0,
          "attributes": {
            "analytics_policy": [],
            "analytics_profile_ref": "https://192.168.142.135/api/analyticsprofile/analyticsprofile-d6d81c74-edeb-485e-ac3a-30dffff35036",
            "apic_epg_name": null,
            "application_persistence_profile_ref": null,
            "autoscale_launch_config_ref": null,
            "autoscale_networks": null,
            "autoscale_policy_ref": null,
            "capacity_estimation": false,
            "capacity_estimation_ttfb_thresh": 0,
            "cloud_config_cksum": null,
            "cloud_ref": "https://192.168.142.135/api/cloud/cloud-141d1115-57ea-4d93-b96a-b941c69773a6",
            "conn_pool_properties": [],
            "connection_ramp_duration": 10,
            "created_by": null,
            "default_server_port": 80,
            "delete_server_on_dns_refresh": true,
            "description": null,
            "domain_name": null,
            "east_west": null,
            "enabled": true,
            "external_autoscale_groups": null,
            "fail_action": [],
            "fewest_tasks_feedback_delay": 10,
            "graceful_disable_timeout": 1,
            "health_monitor_refs": [
              "https://192.168.142.135/api/healthmonitor/healthmonitor-37c52aeb-4242-4598-abca-528be4ff7670"
            ],
            "host_check_enabled": false,
            "id": "https://192.168.142.135/api/pool/pool-650a9e53-438a-4ef7-afbb-346a78933f8c",
            "ignore_servers": false,
            "inline_health_monitor": true,
            "ipaddrgroup_ref": null,
            "lb_algorithm": "LB_ALGORITHM_ROUND_ROBIN",
            "lb_algorithm_consistent_hash_hdr": null,
            "lb_algorithm_core_nonaffinity": 2,
            "lb_algorithm_hash": "LB_ALGORITHM_CONSISTENT_HASH_SOURCE_IP_ADDRESS",
            "lookup_server_by_name": false,
            "max_concurrent_connections_per_server": 0,
            "max_conn_rate_per_server": [],
            "min_health_monitors_up": null,
            "min_servers_up": null,
            "name": "tfPool1",
            "networks": [],
            "nsx_securitygroup": null,
            "pki_profile_ref": null,
            "placement_networks": [],
            "request_queue_depth": 128,
            "request_queue_enabled": false,
            "rewrite_host_header_to_server_name": false,
            "rewrite_host_header_to_sni": false,
            "server_name": null,
            "server_reselect": [],
            "server_timeout": 0,
            "servers": [
              {
                "autoscaling_group_name": "",
                "availability_zone": "",
                "description": "",
                "discovered_networks": [],
                "enabled": true,
                "external_orchestration_id": "",
                "external_uuid": "",
                "hostname": "",
                "ip": [
                  {
                    "addr": "172.16.3.252",
                    "type": "V4"
                  }
                ],
                "location": [],
                "mac_address": "",
                "nw_ref": "",
                "port": 80,
                "prst_hdr_val": "",
                "ratio": 1,
                "resolve_server_by_dns": false,
                "rewrite_host_header": false,
                "server_node": "",
                "static": false,
                "verify_network": false,
                "vm_ref": ""
              },
              {
                "autoscaling_group_name": "",
                "availability_zone": "",
                "description": "",
                "discovered_networks": [],
                "enabled": true,
                "external_orchestration_id": "",
                "external_uuid": "",
                "hostname": "",
                "ip": [
                  {
                    "addr": "172.16.3.253",
                    "type": "V4"
                  }
                ],
                "location": [],
                "mac_address": "",
                "nw_ref": "",
                "port": 80,
                "prst_hdr_val": "",
                "ratio": 1,
                "resolve_server_by_dns": false,
                "rewrite_host_header": false,
                "server_node": "",
                "static": false,
                "verify_network": false,
                "vm_ref": ""
              }
            ],
            "service_metadata": null,
            "sni_enabled": true,
            "ssl_key_and_certificate_ref": null,
            "ssl_profile_ref": null,
            "tenant_ref": "https://192.168.142.135/api/tenant/admin",
            "use_service_port": false,
            "uuid": "pool-650a9e53-438a-4ef7-afbb-346a78933f8c",
            "vrf_ref": "https://192.168.142.135/api/vrfcontext/vrfcontext-eb478938-721a-40e7-a1b9-7ca9c8b892b4"
          },
          "private": "bnVsbA==",
          "dependencies": [
            "avi_healthmonitor.hm"
          ]
        }
      ]
    },
    {
      "mode": "managed",
      "type": "avi_virtualservice",
      "name": "https_vs",
      "provider": "provider.avi",
      "instances": [
        {
          "schema_version": 0,
          "attributes": {
            "active_standby_se_tag": "ACTIVE_STANDBY_SE_1",
            "allow_invalid_client_cert": false,
            "analytics_policy": [],
            "analytics_profile_ref": "https://192.168.142.135/api/analyticsprofile/analyticsprofile-d6d81c74-edeb-485e-ac3a-30dffff35036",
            "apic_contract_graph": null,
            "application_profile_ref": "https://192.168.142.135/api/applicationprofile/applicationprofile-6ee9c47c-e309-49c0-bdc5-f4a111e1089a",
            "bulk_sync_kvcache": false,
            "client_auth": [],
            "close_client_conn_on_config_update": false,
            "cloud_config_cksum": null,
            "cloud_ref": "https://192.168.142.135/api/cloud/cloud-141d1115-57ea-4d93-b96a-b941c69773a6",
            "cloud_type": "CLOUD_LINUXSERVER",
            "connections_rate_limit": [],
            "content_rewrite": [],
            "created_by": null,
            "delay_fairness": false,
            "description": null,
            "dns_info": [
              {
                "algorithm": "DNS_RECORD_RESPONSE_CONSISTENT_HASH",
                "cname": [],
                "fqdn": "tfVs.demoavi.local",
                "num_records_in_response": 1,
                "ttl": 0,
                "type": "DNS_RECORD_A"
              }
            ],
            "dns_policies": [],
            "east_west_placement": false,
            "enable_autogw": true,
            "enable_rhi": null,
            "enable_rhi_snat": null,
            "enabled": true,
            "error_page_profile_ref": null,
            "flow_dist": "LOAD_AWARE",
            "flow_label_type": "NO_LABEL",
            "fqdn": null,
            "host_name_xlate": null,
            "http_policies": [],
            "id": "https://192.168.142.135/api/virtualservice/virtualservice-85ed4e3d-fe6a-4820-9b1a-a7a39adac529",
            "ign_pool_net_reach": false,
            "l4_policies": [],
            "limit_doser": false,
            "max_cps_per_client": 0,
            "microservice_ref": null,
            "min_pools_up": null,
            "name": "tfVs",
            "network_profile_ref": "https://192.168.142.135/api/networkprofile/networkprofile-62d247ed-e8fa-4ade-8a9c-09c1ff39c8cf",
            "network_security_policy_ref": null,
            "nsx_securitygroup": null,
            "performance_limits": [],
            "pool_group_ref": null,
            "pool_ref": "https://192.168.142.135/api/pool/pool-650a9e53-438a-4ef7-afbb-346a78933f8c",
            "remove_listening_port_on_vs_down": false,
            "requests_rate_limit": [],
            "saml_sp_config": [],
            "scaleout_ecmp": false,
            "se_group_ref": "https://192.168.142.135/api/serviceenginegroup/serviceenginegroup-10038bea-ec57-4fe2-83e3-c91e9aafc6b2",
            "security_policy_ref": null,
            "server_network_profile_ref": null,
            "service_metadata": null,
            "service_pool_select": [],
            "services": [
              {
                "enable_ssl": true,
                "override_application_profile_ref": "",
                "override_network_profile_ref": "",
                "port": 443,
                "port_range_end": 0
              }
            ],
            "sideband_profile": [],
            "snat_ip": [],
            "ssl_key_and_certificate_refs": [
              "https://192.168.142.135/api/sslkeyandcertificate/sslkeyandcertificate-b686ec2d-25cb-4e48-9cae-f497b1093d0b"
            ],
            "ssl_profile_ref": "https://192.168.142.135/api/sslprofile/sslprofile-af109173-1af6-4925-9ace-d5339f33751c",
            "ssl_profile_selectors": [],
            "ssl_sess_cache_avg_size": 1024,
            "sso_policy_ref": null,
            "static_dns_records": [],
            "tenant_ref": "https://192.168.142.135/api/tenant/admin",
            "test_se_datastore_level_1_ref": null,
            "topology_policies": [],
            "traffic_clone_profile_ref": null,
            "traffic_enabled": true,
            "type": "VS_TYPE_NORMAL",
            "use_bridge_ip_as_vip": false,
            "use_vip_as_snat": false,
            "uuid": "virtualservice-85ed4e3d-fe6a-4820-9b1a-a7a39adac529",
            "vh_domain_name": null,
            "vh_parent_vs_uuid": null,
            "vip": [
              {
                "auto_allocate_floating_ip": false,
                "auto_allocate_ip": true,
                "auto_allocate_ip_type": "V4_ONLY",
                "availability_zone": "",
                "avi_allocated_fip": false,
                "avi_allocated_vip": false,
                "discovered_networks": [],
                "enabled": true,
                "floating_ip": [],
                "floating_ip6": [],
                "floating_subnet6_uuid": "",
                "floating_subnet_uuid": "",
                "ip6_address": [],
                "ip_address": [
                  {
                    "addr": "10.1.2.53",
                    "type": "V4"
                  }
                ],
                "ipam_network_subnet": [
                  {
                    "network_ref": "/api/network/?name=net-avi",
                    "subnet": [
                      {
                        "ip_addr": [
                          {
                            "addr": "10.1.2.0",
                            "type": "V4"
                          }
                        ],
                        "mask": 24
                      }
                    ],
                    "subnet6": [],
                    "subnet6_uuid": "",
                    "subnet_uuid": ""
                  }
                ],
                "network_ref": "",
                "placement_networks": [],
                "port_uuid": "",
                "subnet": [],
                "subnet6": [],
                "subnet6_uuid": "",
                "subnet_uuid": "",
                "vip_id": ""
              }
            ],
            "vrf_context_ref": "https://192.168.142.135/api/vrfcontext/vrfcontext-eb478938-721a-40e7-a1b9-7ca9c8b892b4",
            "vs_datascripts": [],
            "vsvip_cloud_config_cksum": null,
            "vsvip_ref": "https://192.168.142.135/api/vsvip/vsvip-679e8891-2622-413c-a61b-50702e55a31e",
            "waf_policy_ref": null,
            "weight": 1
          },
          "private": "bnVsbA==",
          "dependencies": [
            "avi_healthmonitor.hm",
            "avi_pool.lbpool"
          ]
        }
      ]
    }
  ]
}
