{
  "version": 4,
  "terraform_version": "0.12.21",
  "serial": 869,
  "lineage": "fa978aeb-4d0b-12b8-7b1d-ed45db96b3f9",
  "outputs": {
    "aviCreds": {
      "value": {
        "api_version": "18.2.9",
        "controller": "192.168.142.135",
        "password": "Avi_2020",
        "username": "admin"
      },
      "type": [
        "object",
        {
          "api_version": "string",
          "controller": "string",
          "password": "string",
          "username": "string"
        }
      ]
    },
    "aviTenant": {
      "value": "admin",
      "type": "string"
    },
    "domaineName": {
      "value": "lsc.avidemo.fr",
      "type": "string"
    },
    "networkName": {
      "value": "net-avi",
      "type": "string"
    },
    "networkUuid": {
      "value": "network-782954c4-c866-42f9-bd16-0fd608172e15",
      "type": "string"
    },
    "networkaddr": {
      "value": "10.1.2.0",
      "type": "string"
    },
    "networkmask": {
      "value": 24,
      "type": "number"
    },
    "networktype": {
      "value": "V4",
      "type": "string"
    }
  },
  "resources": [
    {
      "mode": "data",
      "type": "avi_applicationprofile",
      "name": "application_profile1",
      "provider": "provider.avi",
      "instances": [
        {
          "schema_version": 0,
          "attributes": {
            "cloud_config_cksum": null,
            "created_by": null,
            "description": null,
            "dns_service_profile": [],
            "dos_rl_profile": [],
            "http_profile": [
              {
                "allow_dots_in_header_name": false,
                "cache_config": [
                  {
                    "age_header": false,
                    "aggressive": false,
                    "date_header": false,
                    "default_expire": 0,
                    "enabled": false,
                    "heuristic_expire": false,
                    "ignore_request_cache_control": false,
                    "max_cache_size": 0,
                    "max_object_size": 0,
                    "mime_types_black_group_refs": [],
                    "mime_types_black_list": [],
                    "mime_types_group_refs": [
                      "https://192.168.142.135/api/stringgroup/stringgroup-297d1983-ef59-4a41-9b81-54a2de72daa6"
                    ],
                    "mime_types_list": [],
                    "min_object_size": 0,
                    "query_cacheable": false,
                    "uri_non_cacheable": [],
                    "xcache_header": false
                  }
                ],
                "client_body_timeout": 0,
                "client_header_timeout": 0,
                "client_max_body_size": 0,
                "client_max_header_size": 0,
                "client_max_request_size": 0,
                "compression_profile": [
                  {
                    "compressible_content_ref": "https://192.168.142.135/api/stringgroup/stringgroup-8cd78285-f492-4ba7-9b62-b4565ce60599",
                    "compression": false,
                    "filter": [],
                    "remove_accept_encoding_header": true,
                    "type": "AUTO_COMPRESSION"
                  }
                ],
                "connection_multiplexing_enabled": false,
                "disable_keepalive_posts_msie6": false,
                "disable_sni_hostname_check": false,
                "enable_chunk_merge": false,
                "enable_fire_and_forget": false,
                "enable_request_body_buffering": false,
                "enable_request_body_metrics": false,
                "fwd_close_hdr_for_bound_connections": false,
                "hsts_enabled": true,
                "hsts_max_age": 0,
                "hsts_subdomains_enabled": false,
                "http2_enabled": false,
                "http_to_https": true,
                "httponly_enabled": true,
                "keepalive_header": false,
                "keepalive_timeout": 0,
                "max_bad_rps_cip": 0,
                "max_bad_rps_cip_uri": 0,
                "max_bad_rps_uri": 0,
                "max_http2_concurrent_streams_per_connection": 0,
                "max_http2_control_frames_per_connection": 0,
                "max_http2_empty_data_frames_per_connection": 0,
                "max_http2_queued_frames_to_client_per_connection": 0,
                "max_keepalive_requests": 0,
                "max_response_headers_size": 0,
                "max_rps_cip": 0,
                "max_rps_cip_uri": 0,
                "max_rps_unknown_cip": 0,
                "max_rps_unknown_uri": 0,
                "max_rps_uri": 0,
                "pki_profile_ref": "",
                "post_accept_timeout": 0,
                "reset_conn_http_on_ssl_port": false,
                "respond_with_100_continue": false,
                "secure_cookie_enabled": true,
                "server_side_redirect_to_https": true,
                "ssl_client_certificate_action": [],
                "ssl_client_certificate_mode": "",
                "use_app_keepalive_timeout": false,
                "websockets_enabled": false,
                "x_forwarded_proto_enabled": true,
                "xff_alternate_name": "",
                "xff_enabled": false
              }
            ],
            "id": "https://192.168.142.135/api/applicationprofile/applicationprofile-e6861e7f-3449-45e5-8465-1407df28c948",
            "name": "System-Secure-HTTP",
            "preserve_client_ip": null,
            "preserve_client_port": null,
            "sip_service_profile": [],
            "tcp_app_profile": [],
            "tenant_ref": "https://192.168.142.135/api/tenant/admin",
            "type": "APPLICATION_PROFILE_TYPE_HTTP",
            "uuid": "applicationprofile-e6861e7f-3449-45e5-8465-1407df28c948"
          }
        }
      ]
    },
    {
      "mode": "data",
      "type": "avi_cloud",
      "name": "default_cloud",
      "provider": "provider.avi",
      "instances": [
        {
          "schema_version": 0,
          "attributes": {
            "apic_configuration": [],
            "apic_mode": null,
            "autoscale_polling_interval": null,
            "aws_configuration": [],
            "azure_configuration": [],
            "cloudstack_configuration": [],
            "custom_tags": null,
            "dhcp_enabled": null,
            "dns_provider_ref": "https://192.168.142.135/api/ipamdnsproviderprofile/ipamdnsproviderprofile-92247d16-7e4c-4428-ac4c-dbeef7a37a99",
            "dns_resolution_on_se": null,
            "docker_configuration": [],
            "east_west_dns_provider_ref": null,
            "east_west_ipam_provider_ref": null,
            "enable_vip_on_all_interfaces": null,
            "enable_vip_static_routes": null,
            "gcp_configuration": [],
            "id": "https://192.168.142.135/api/cloud/cloud-e0b4294d-1985-4a04-960b-7c660bbdd0ff",
            "ip6_autocfg_enabled": null,
            "ipam_provider_ref": "https://192.168.142.135/api/ipamdnsproviderprofile/ipamdnsproviderprofile-459c7e39-94ea-4992-abf1-b0810da1f998",
            "license_tier": "ENTERPRISE_18",
            "license_type": "LIC_CORES",
            "linuxserver_configuration": [
              {
                "hosts": [
                  {
                    "host_attr": [
                      {
                        "attr_key": "CPU",
                        "attr_val": "1"
                      },
                      {
                        "attr_key": "MEMORY",
                        "attr_val": "1"
                      },
                      {
                        "attr_key": "DPDK",
                        "attr_val": "No"
                      },
                      {
                        "attr_key": "SE_INBAND_MGMT",
                        "attr_val": "False"
                      }
                    ],
                    "host_ip": [
                      {
                        "addr": "192.168.142.129",
                        "type": "V4"
                      }
                    ],
                    "node_availability_zone": "",
                    "se_group_ref": "https://192.168.142.135/api/serviceenginegroup/serviceenginegroup-72b071c5-5209-4f04-bd6b-356ee66a6421"
                  },
                  {
                    "host_attr": [
                      {
                        "attr_key": "CPU",
                        "attr_val": "1"
                      },
                      {
                        "attr_key": "MEMORY",
                        "attr_val": "1"
                      },
                      {
                        "attr_key": "DPDK",
                        "attr_val": "No"
                      },
                      {
                        "attr_key": "SE_INBAND_MGMT",
                        "attr_val": "False"
                      }
                    ],
                    "host_ip": [
                      {
                        "addr": "192.168.142.130",
                        "type": "V4"
                      }
                    ],
                    "node_availability_zone": "",
                    "se_group_ref": "https://192.168.142.135/api/serviceenginegroup/serviceenginegroup-72b071c5-5209-4f04-bd6b-356ee66a6421"
                  }
                ],
                "se_inband_mgmt": false,
                "se_log_disk_path": "",
                "se_log_disk_size_gb": 0,
                "se_sys_disk_path": "",
                "se_sys_disk_size_gb": 0,
                "ssh_user_ref": "https://192.168.142.135/api/cloudconnectoruser/cloudconnectoruser-ec4e87b8-3ccd-4423-8e11-dc9de57b7f3b"
              }
            ],
            "mtu": null,
            "name": "Default-Cloud",
            "nsx_configuration": [],
            "obj_name_prefix": null,
            "openstack_configuration": [],
            "oshiftk8s_configuration": [],
            "prefer_static_routes": null,
            "proxy_configuration": [],
            "rancher_configuration": [],
            "se_group_template_ref": null,
            "state_based_dns_registration": null,
            "tenant_ref": "https://192.168.142.135/api/tenant/admin",
            "uuid": "cloud-e0b4294d-1985-4a04-960b-7c660bbdd0ff",
            "vca_configuration": [],
            "vcenter_configuration": [],
            "vtype": "CLOUD_LINUXSERVER"
          }
        }
      ]
    },
    {
      "mode": "data",
      "type": "avi_ipamdnsproviderprofile",
      "name": "dns",
      "provider": "provider.avi",
      "instances": [
        {
          "schema_version": 0,
          "attributes": {
            "allocate_ip_in_vrf": null,
            "aws_profile": [],
            "azure_profile": [],
            "custom_profile": [],
            "gcp_profile": [],
            "id": "https://192.168.142.135/api/ipamdnsproviderprofile/ipamdnsproviderprofile-92247d16-7e4c-4428-ac4c-dbeef7a37a99",
            "infoblox_profile": [],
            "internal_profile": [
              {
                "dns_service_domain": [
                  {
                    "domain_name": "lsc.avidemo.fr",
                    "num_dns_ip": 0,
                    "pass_through": false,
                    "record_ttl": 100
                  }
                ],
                "dns_virtualservice_ref": "",
                "ttl": 300,
                "usable_network_refs": []
              }
            ],
            "name": "dns-avi",
            "oci_profile": [],
            "openstack_profile": [],
            "proxy_configuration": [],
            "tenant_ref": "https://192.168.142.135/api/tenant/admin",
            "tencent_profile": [],
            "type": "IPAMDNS_TYPE_INTERNAL_DNS",
            "uuid": "ipamdnsproviderprofile-92247d16-7e4c-4428-ac4c-dbeef7a37a99"
          }
        }
      ]
    },
    {
      "mode": "data",
      "type": "avi_ipamdnsproviderprofile",
      "name": "ipam",
      "provider": "provider.avi",
      "instances": [
        {
          "schema_version": 0,
          "attributes": {
            "allocate_ip_in_vrf": null,
            "aws_profile": [],
            "azure_profile": [],
            "custom_profile": [],
            "gcp_profile": [],
            "id": "https://192.168.142.135/api/ipamdnsproviderprofile/ipamdnsproviderprofile-459c7e39-94ea-4992-abf1-b0810da1f998",
            "infoblox_profile": [],
            "internal_profile": [
              {
                "dns_service_domain": [],
                "dns_virtualservice_ref": "",
                "ttl": 0,
                "usable_network_refs": [
                  "https://192.168.142.135/api/network/network-782954c4-c866-42f9-bd16-0fd608172e15"
                ]
              }
            ],
            "name": "ipam-avi",
            "oci_profile": [],
            "openstack_profile": [],
            "proxy_configuration": [],
            "tenant_ref": "https://192.168.142.135/api/tenant/admin",
            "tencent_profile": [],
            "type": "IPAMDNS_TYPE_INTERNAL",
            "uuid": "ipamdnsproviderprofile-459c7e39-94ea-4992-abf1-b0810da1f998"
          }
        }
      ]
    },
    {
      "mode": "data",
      "type": "avi_network",
      "name": "network",
      "provider": "provider.avi",
      "instances": [
        {
          "schema_version": 0,
          "attributes": {
            "cloud_ref": "https://192.168.142.135/api/cloud/cloud-e0b4294d-1985-4a04-960b-7c660bbdd0ff",
            "configured_subnets": [
              {
                "prefix": [
                  {
                    "ip_addr": [
                      {
                        "addr": "10.1.2.0",
                        "type": "V4"
                      }
                    ],
                    "mask": 24
                  }
                ],
                "static_ips": [],
                "static_ranges": [
                  {
                    "begin": [
                      {
                        "addr": "10.1.2.51",
                        "type": "V4"
                      }
                    ],
                    "end": [
                      {
                        "addr": "10.1.2.100",
                        "type": "V4"
                      }
                    ]
                  }
                ]
              }
            ],
            "dhcp_enabled": false,
            "exclude_discovered_subnets": null,
            "id": "https://192.168.142.135/api/network/network-782954c4-c866-42f9-bd16-0fd608172e15",
            "ip6_autocfg_enabled": null,
            "labels": null,
            "name": "net-avi",
            "synced_from_se": null,
            "tenant_ref": "https://192.168.142.135/api/tenant/admin",
            "uuid": "network-782954c4-c866-42f9-bd16-0fd608172e15",
            "vcenter_dvs": null,
            "vrf_context_ref": "https://192.168.142.135/api/vrfcontext/vrfcontext-7ca334bc-74d0-4c74-b972-87345a9623b6"
          }
        }
      ]
    },
    {
      "mode": "data",
      "type": "avi_networkprofile",
      "name": "network_profile1",
      "provider": "provider.avi",
      "instances": [
        {
          "schema_version": 0,
          "attributes": {
            "connection_mirror": null,
            "description": null,
            "id": "https://192.168.142.135/api/networkprofile/networkprofile-d8c3038e-aadf-4332-a533-dbbc9e76e408",
            "name": "System-TCP-Proxy",
            "profile": [
              {
                "tcp_fast_path_profile": [],
                "tcp_proxy_profile": [],
                "type": "PROTOCOL_TYPE_TCP_PROXY",
                "udp_fast_path_profile": [],
                "udp_proxy_profile": []
              }
            ],
            "tenant_ref": "https://192.168.142.135/api/tenant/admin",
            "uuid": "networkprofile-d8c3038e-aadf-4332-a533-dbbc9e76e408"
          }
        }
      ]
    },
    {
      "mode": "data",
      "type": "avi_sslkeyandcertificate",
      "name": "ssl_cert1",
      "provider": "provider.avi",
      "instances": [
        {
          "schema_version": 0,
          "attributes": {
            "ca_certs": null,
            "certificate": [
              {
                "certificate": "-----BEGIN CERTIFICATE-----\nMIIDOjCCAiKgAwIBAgIJAP4hk3us7UF2MA0GCSqGSIb3DQEBCwUAMB4xHDAaBgNV\nBAMME1N5c3RlbSBEZWZhdWx0IENlcnQwHhcNMjAwNzIxMTY1ODU3WhcNMzAwNzE5\nMTY1ODU3WjAeMRwwGgYDVQQDDBNTeXN0ZW0gRGVmYXVsdCBDZXJ0MIIBIjANBgkq\nhkiG9w0BAQEFAAOCAQ8AMIIBCgKCAQEAzznA2DXFF7OByz2Fh7xUyqR0LBo+INM0\nCgQtxZJPzGOSNcJHqYtuI1Lg3C1wbDDoqF13JREmShfHClVJgNwrxl08/4o+0RLo\nDhUU20Q5eVz4ao6Jc9pylinK4y1AMO7RN8mOemr4e8q4d8jL6z3wcHNfRRlLjhsa\nWvRM8NITQQqWlWIPcVx4nwgzApPtoJ8niU2JXK4VtskVZ9hdou8lALQgEtzzKz3f\nb/hoXn5BMzooNOWWsU6a2ON4/Nb28qExxB68qFE+vfeq9xwzmOcbzl+UGNevdGDC\nodAS6IEkDFSrTvqe4Qedkpwe4aqEN73yQQF+bWeEiENNx5HGuV9RzQIDAQABo3sw\neTAJBgNVHRMEAjAAMCwGCWCGSAGG+EIBDQQfFh1PcGVuU1NMIEdlbmVyYXRlZCBD\nZXJ0aWZpY2F0ZTAdBgNVHQ4EFgQUzLB98M+ZXuHv/zrwHpe+C/NlxegwHwYDVR0j\nBBgwFoAUzLB98M+ZXuHv/zrwHpe+C/NlxegwDQYJKoZIhvcNAQELBQADggEBADUK\nwZBJIXiJK4BAWrBZyJTmy/tOSbWbyovCL29tWC1SX1pcTpdhmdXXXLQRC+UGgvw8\n9DAbxci9o6QeCNQzq1cxPHbJt5IOFBUFuRxXf2VEwtKUDG5mV015V5HHVn+8WriB\nvl/Q9FGrPdKmJQVPYbmKL/iL8aVQIwmUyxQTkQcZvK6lichTJ/2/WlrrrKVc0oiL\nWJYQKphv9Qc4rDTtV0z9/pPZqFB8Vw7KekxU93szbowf9FW+YRjnKXqcWl81NJ7W\ngCngKW3Sn12zlvhag3t44weeXhNE9HLZufP2Ocyqz6mI2mk1He2Vqn7ieZMa52y6\noqtFlT9AG7c79LQ0VGo=\n-----END CERTIFICATE-----\n",
                "certificate_signing_request": "",
                "chain_verified": false,
                "days_until_expire": 3650,
                "expiry_status": "",
                "fingerprint": "SHA1 Fingerprint=BC:7E:B5:E9:B8:EE:F7:96:8E:02:9F:29:57:85:E9:60:86:30:2F:E5\n",
                "issuer": [
                  {
                    "common_name": "System Default Cert",
                    "country": "",
                    "distinguished_name": "CN=System Default Cert",
                    "email_address": "",
                    "locality": "",
                    "organization": "",
                    "organization_unit": "",
                    "state": ""
                  }
                ],
                "key_params": [],
                "not_after": "2030-07-19 16:58:57",
                "not_before": "2020-07-21 16:58:57",
                "public_key": "-----BEGIN PUBLIC KEY-----\nMIIBIjANBgkqhkiG9w0BAQEFAAOCAQ8AMIIBCgKCAQEAzznA2DXFF7OByz2Fh7xU\nyqR0LBo+INM0CgQtxZJPzGOSNcJHqYtuI1Lg3C1wbDDoqF13JREmShfHClVJgNwr\nxl08/4o+0RLoDhUU20Q5eVz4ao6Jc9pylinK4y1AMO7RN8mOemr4e8q4d8jL6z3w\ncHNfRRlLjhsaWvRM8NITQQqWlWIPcVx4nwgzApPtoJ8niU2JXK4VtskVZ9hdou8l\nALQgEtzzKz3fb/hoXn5BMzooNOWWsU6a2ON4/Nb28qExxB68qFE+vfeq9xwzmOcb\nzl+UGNevdGDCodAS6IEkDFSrTvqe4Qedkpwe4aqEN73yQQF+bWeEiENNx5HGuV9R\nzQIDAQAB\n-----END PUBLIC KEY-----\n",
                "self_signed": true,
                "serial_number": "18312079719256637814",
                "signature": "",
                "signature_algorithm": "sha256WithRSAEncryption",
                "subject": [
                  {
                    "common_name": "System Default Cert",
                    "country": "",
                    "distinguished_name": "CN=System Default Cert",
                    "email_address": "",
                    "locality": "",
                    "organization": "",
                    "organization_unit": "",
                    "state": ""
                  }
                ],
                "subject_alt_names": [],
                "text": "Certificate:\n    Data:\n        Version: 3 (0x2)\n        Serial Number: 18312079719256637814 (0xfe21937baced4176)\n    Signature Algorithm: sha256WithRSAEncryption\n        Issuer: CN=System Default Cert\n        Validity\n            Not Before: Jul 21 16:58:57 2020 GMT\n            Not After : Jul 19 16:58:57 2030 GMT\n        Subject: CN=System Default Cert\n        Subject Public Key Info:\n            Public Key Algorithm: rsaEncryption\n                Public-Key: (2048 bit)\n                Modulus:\n                    00:cf:39:c0:d8:35:c5:17:b3:81:cb:3d:85:87:bc:\n                    54:ca:a4:74:2c:1a:3e:20:d3:34:0a:04:2d:c5:92:\n                    4f:cc:63:92:35:c2:47:a9:8b:6e:23:52:e0:dc:2d:\n                    70:6c:30:e8:a8:5d:77:25:11:26:4a:17:c7:0a:55:\n                    49:80:dc:2b:c6:5d:3c:ff:8a:3e:d1:12:e8:0e:15:\n                    14:db:44:39:79:5c:f8:6a:8e:89:73:da:72:96:29:\n                    ca:e3:2d:40:30:ee:d1:37:c9:8e:7a:6a:f8:7b:ca:\n                    b8:77:c8:cb:eb:3d:f0:70:73:5f:45:19:4b:8e:1b:\n                    1a:5a:f4:4c:f0:d2:13:41:0a:96:95:62:0f:71:5c:\n                    78:9f:08:33:02:93:ed:a0:9f:27:89:4d:89:5c:ae:\n                    15:b6:c9:15:67:d8:5d:a2:ef:25:00:b4:20:12:dc:\n                    f3:2b:3d:df:6f:f8:68:5e:7e:41:33:3a:28:34:e5:\n                    96:b1:4e:9a:d8:e3:78:fc:d6:f6:f2:a1:31:c4:1e:\n                    bc:a8:51:3e:bd:f7:aa:f7:1c:33:98:e7:1b:ce:5f:\n                    94:18:d7:af:74:60:c2:a1:d0:12:e8:81:24:0c:54:\n                    ab:4e:fa:9e:e1:07:9d:92:9c:1e:e1:aa:84:37:bd:\n                    f2:41:01:7e:6d:67:84:88:43:4d:c7:91:c6:b9:5f:\n                    51:cd\n                Exponent: 65537 (0x10001)\n        X509v3 extensions:\n            X509v3 Basic Constraints: \n                CA:FALSE\n            Netscape Comment: \n                OpenSSL Generated Certificate\n            X509v3 Subject Key Identifier: \n                CC:B0:7D:F0:CF:99:5E:E1:EF:FF:3A:F0:1E:97:BE:0B:F3:65:C5:E8\n            X509v3 Authority Key Identifier: \n                keyid:CC:B0:7D:F0:CF:99:5E:E1:EF:FF:3A:F0:1E:97:BE:0B:F3:65:C5:E8\n\n    Signature Algorithm: sha256WithRSAEncryption\n         35:0a:c1:90:49:21:78:89:2b:80:40:5a:b0:59:c8:94:e6:cb:\n         fb:4e:49:b5:9b:ca:8b:c2:2f:6f:6d:58:2d:52:5f:5a:5c:4e:\n         97:61:99:d5:d7:5c:b4:11:0b:e5:06:82:fc:3c:f4:30:1b:c5:\n         c8:bd:a3:a4:1e:08:d4:33:ab:57:31:3c:76:c9:b7:92:0e:14:\n         15:05:b9:1c:57:7f:65:44:c2:d2:94:0c:6e:66:57:4d:79:57:\n         91:c7:56:7f:bc:5a:b8:81:be:5f:d0:f4:51:ab:3d:d2:a6:25:\n         05:4f:61:b9:8a:2f:f8:8b:f1:a5:50:23:09:94:cb:14:13:91:\n         07:19:bc:ae:a5:89:c8:53:27:fd:bf:5a:5a:eb:ac:a5:5c:d2:\n         88:8b:58:96:10:2a:98:6f:f5:07:38:ac:34:ed:57:4c:fd:fe:\n         93:d9:a8:50:7c:57:0e:ca:7a:4c:54:f7:7b:33:6e:8c:1f:f4:\n         55:be:61:18:e7:29:7a:9c:5a:5f:35:34:9e:d6:80:29:e0:29:\n         6d:d2:9f:5d:b3:96:f8:5a:83:7b:78:e3:07:9e:5e:13:44:f4:\n         72:d9:b9:f3:f6:39:cc:aa:cf:a9:88:da:69:35:1d:ed:95:aa:\n         7e:e2:79:93:1a:e7:6c:ba:a2:ab:45:95:3f:40:1b:b7:3b:f4:\n         b4:34:54:6a\n",
                "version": "2"
              }
            ],
            "certificate_base64": null,
            "certificate_management_profile_ref": null,
            "created_by": null,
            "dynamic_params": null,
            "enckey_base64": null,
            "enckey_name": null,
            "format": null,
            "hardwaresecuritymodulegroup_ref": null,
            "id": "https://192.168.142.135/api/sslkeyandcertificate/sslkeyandcertificate-548d02ad-45cc-4f5a-9b52-e7a4fe94131f",
            "key": "\u003csensitive\u003e",
            "key_base64": null,
            "key_params": [
              {
                "algorithm": "SSL_KEY_ALGORITHM_RSA",
                "ec_params": [],
                "rsa_params": []
              }
            ],
            "key_passphrase": null,
            "name": "System-Default-Cert",
            "status": null,
            "tenant_ref": "https://192.168.142.135/api/tenant/admin",
            "type": "SSL_CERTIFICATE_TYPE_VIRTUALSERVICE",
            "uuid": "sslkeyandcertificate-548d02ad-45cc-4f5a-9b52-e7a4fe94131f"
          }
        }
      ]
    },
    {
      "mode": "data",
      "type": "avi_sslprofile",
      "name": "ssl_profile1",
      "provider": "provider.avi",
      "instances": [
        {
          "schema_version": 0,
          "attributes": {
            "accepted_ciphers": "ECDHE-ECDSA-AES128-GCM-SHA256:ECDHE-ECDSA-AES128-SHA:ECDHE-ECDSA-AES256-SHA:ECDHE-ECDSA-AES256-GCM-SHA384:ECDHE-ECDSA-AES128-SHA256:ECDHE-ECDSA-AES256-SHA384:ECDHE-RSA-AES128-GCM-SHA256:ECDHE-RSA-AES256-GCM-SHA384:ECDHE-RSA-AES128-SHA:ECDHE-RSA-AES128-SHA256:ECDHE-RSA-AES256-SHA:ECDHE-RSA-AES256-SHA384:AES128-GCM-SHA256:AES256-GCM-SHA384:AES128-SHA256:AES256-SHA256:AES128-SHA:AES256-SHA",
            "accepted_versions": [
              {
                "type": "SSL_VERSION_TLS1"
              },
              {
                "type": "SSL_VERSION_TLS1_1"
              },
              {
                "type": "SSL_VERSION_TLS1_2"
              }
            ],
            "cipher_enums": [
              "TLS_ECDHE_ECDSA_WITH_AES_128_GCM_SHA256",
              "TLS_ECDHE_ECDSA_WITH_AES_128_CBC_SHA",
              "TLS_ECDHE_ECDSA_WITH_AES_256_CBC_SHA",
              "TLS_ECDHE_ECDSA_WITH_AES_256_GCM_SHA384",
              "TLS_ECDHE_ECDSA_WITH_AES_128_CBC_SHA256",
              "TLS_ECDHE_ECDSA_WITH_AES_256_CBC_SHA384",
              "TLS_ECDHE_RSA_WITH_AES_128_GCM_SHA256",
              "TLS_ECDHE_RSA_WITH_AES_256_GCM_SHA384",
              "TLS_ECDHE_RSA_WITH_AES_128_CBC_SHA",
              "TLS_ECDHE_RSA_WITH_AES_128_CBC_SHA256",
              "TLS_ECDHE_RSA_WITH_AES_256_CBC_SHA",
              "TLS_ECDHE_RSA_WITH_AES_256_CBC_SHA384",
              "TLS_RSA_WITH_AES_128_GCM_SHA256",
              "TLS_RSA_WITH_AES_256_GCM_SHA384",
              "TLS_RSA_WITH_AES_128_CBC_SHA256",
              "TLS_RSA_WITH_AES_256_CBC_SHA256",
              "TLS_RSA_WITH_AES_128_CBC_SHA",
              "TLS_RSA_WITH_AES_256_CBC_SHA"
            ],
            "ciphersuites": "",
            "description": null,
            "dhparam": "-----BEGIN DH PARAMETERS-----\nMIIBCAKCAQEAohUmEGbnPo1dxqvGg7zslnKTZAPPNnE7l1SdTbuPbsYF83J+VDkE\npUorADcUydwdPM9nTLEk4qKGnNsbt0S+WXf6EcP0oa+rjRFXsvb4B+tD4VHGmtDA\n/iivo51hKu93xaoS0xe9TjI9ZZBcirzyz3V55u/OICgNwRM6nL/Fxx3RXG3LGHP4\nJF73p/kR5cNB9ebYuKYaEzkTOg6pmCyguBEBdg40br+I59rQLgzn2WMRb1bZRUzy\nqSIIAMyok9/bsaxyCCsgVzkTPTtlYM9ooJzSGarlNaBhP3AerMdCV6rAQFYfP9vw\nKvbiJcx+IEdHViJLl2LAFl/gYxOnIBHAswIBAg==\n-----END DH PARAMETERS-----\n",
            "enable_early_data": null,
            "enable_ssl_session_reuse": null,
            "id": "https://192.168.142.135/api/sslprofile/sslprofile-13657815-7f4c-499a-b873-78932065bde8",
            "name": "System-Standard",
            "prefer_client_cipher_ordering": null,
            "send_close_notify": null,
            "ssl_rating": [
              {
                "compatibility_rating": "SSL_SCORE_EXCELLENT",
                "performance_rating": "SSL_SCORE_EXCELLENT",
                "security_score": "100.0"
              }
            ],
            "ssl_session_timeout": null,
            "tags": null,
            "tenant_ref": "https://192.168.142.135/api/tenant/admin",
            "type": null,
            "uuid": "sslprofile-13657815-7f4c-499a-b873-78932065bde8"
          }
        }
      ]
    },
    {
      "mode": "managed",
      "type": "avi_healthmonitor",
      "name": "hm",
      "provider": "provider.avi",
      "instances": [
        {
          "schema_version": 0,
          "attributes": {
            "allow_duplicate_monitors": null,
            "description": null,
            "disable_quickstart": null,
            "dns_monitor": [],
            "external_monitor": [],
            "failed_checks": 2,
            "http_monitor": [
              {
                "exact_http_request": false,
                "http_request": "HEAD / HTTP/1.0",
                "http_response": "",
                "http_response_code": [
                  "HTTP_2XX",
                  "HTTP_3XX",
                  "HTTP_5XX"
                ],
                "maintenance_code": [],
                "maintenance_response": "",
                "ssl_attributes": []
              }
            ],
            "https_monitor": [],
            "id": "https://192.168.142.135/api/healthmonitor/healthmonitor-77650e65-7bfe-448f-99ef-e7db9857a2e9",
            "is_federated": false,
            "monitor_port": null,
            "name": "tfHm1",
            "radius_monitor": [],
            "receive_timeout": 1,
            "send_interval": 1,
            "sip_monitor": [],
            "successful_checks": 2,
            "tcp_monitor": [],
            "tenant_ref": "https://192.168.142.135/api/tenant/admin",
            "type": "HEALTH_MONITOR_HTTP",
            "udp_monitor": [],
            "uuid": "healthmonitor-77650e65-7bfe-448f-99ef-e7db9857a2e9"
          },
          "private": "bnVsbA=="
        }
      ]
    },
    {
      "mode": "managed",
      "type": "avi_pool",
      "name": "lbpool",
      "provider": "provider.avi",
      "instances": [
        {
          "schema_version": 0,
          "attributes": {
            "analytics_policy": [],
            "analytics_profile_ref": "https://192.168.142.135/api/analyticsprofile/analyticsprofile-f31307e8-dd70-427f-909c-bd16055ca216",
            "apic_epg_name": null,
            "application_persistence_profile_ref": null,
            "autoscale_launch_config_ref": null,
            "autoscale_networks": null,
            "autoscale_policy_ref": null,
            "capacity_estimation": false,
            "capacity_estimation_ttfb_thresh": 0,
            "cloud_config_cksum": null,
            "cloud_ref": "https://192.168.142.135/api/cloud/cloud-e0b4294d-1985-4a04-960b-7c660bbdd0ff",
            "conn_pool_properties": [],
            "connection_ramp_duration": 10,
            "created_by": null,
            "default_server_port": 80,
            "delete_server_on_dns_refresh": true,
            "description": null,
            "domain_name": null,
            "east_west": null,
            "enabled": true,
            "external_autoscale_groups": null,
            "fail_action": [],
            "fewest_tasks_feedback_delay": 10,
            "graceful_disable_timeout": 1,
            "health_monitor_refs": [
              "https://192.168.142.135/api/healthmonitor/healthmonitor-77650e65-7bfe-448f-99ef-e7db9857a2e9"
            ],
            "host_check_enabled": false,
            "id": "https://192.168.142.135/api/pool/pool-e035a665-34ad-4f8d-a1e6-d49a5dc53aee",
            "ignore_servers": false,
            "inline_health_monitor": true,
            "ipaddrgroup_ref": null,
            "lb_algorithm": "LB_ALGORITHM_ROUND_ROBIN",
            "lb_algorithm_consistent_hash_hdr": null,
            "lb_algorithm_core_nonaffinity": 2,
            "lb_algorithm_hash": "LB_ALGORITHM_CONSISTENT_HASH_SOURCE_IP_ADDRESS",
            "lookup_server_by_name": false,
            "max_concurrent_connections_per_server": 0,
            "max_conn_rate_per_server": [],
            "min_health_monitors_up": null,
            "min_servers_up": null,
            "name": "tfPool1",
            "networks": [],
            "nsx_securitygroup": null,
            "pki_profile_ref": null,
            "placement_networks": [],
            "request_queue_depth": 128,
            "request_queue_enabled": false,
            "rewrite_host_header_to_server_name": false,
            "rewrite_host_header_to_sni": false,
            "server_name": null,
            "server_reselect": [],
            "server_timeout": 0,
            "servers": [
              {
                "autoscaling_group_name": "",
                "availability_zone": "",
                "description": "",
                "discovered_networks": [],
                "enabled": true,
                "external_orchestration_id": "",
                "external_uuid": "",
                "hostname": "",
                "ip": [
                  {
                    "addr": "172.16.3.252",
                    "type": "V4"
                  }
                ],
                "location": [],
                "mac_address": "",
                "nw_ref": "",
                "port": 80,
                "prst_hdr_val": "",
                "ratio": 1,
                "resolve_server_by_dns": false,
                "rewrite_host_header": false,
                "server_node": "",
                "static": false,
                "verify_network": false,
                "vm_ref": ""
              },
              {
                "autoscaling_group_name": "",
                "availability_zone": "",
                "description": "",
                "discovered_networks": [],
                "enabled": true,
                "external_orchestration_id": "",
                "external_uuid": "",
                "hostname": "",
                "ip": [
                  {
                    "addr": "172.16.3.253",
                    "type": "V4"
                  }
                ],
                "location": [],
                "mac_address": "",
                "nw_ref": "",
                "port": 80,
                "prst_hdr_val": "",
                "ratio": 1,
                "resolve_server_by_dns": false,
                "rewrite_host_header": false,
                "server_node": "",
                "static": false,
                "verify_network": false,
                "vm_ref": ""
              }
            ],
            "service_metadata": null,
            "sni_enabled": true,
            "ssl_key_and_certificate_ref": null,
            "ssl_profile_ref": null,
            "tenant_ref": "https://192.168.142.135/api/tenant/admin",
            "use_service_port": false,
            "uuid": "pool-e035a665-34ad-4f8d-a1e6-d49a5dc53aee",
            "vrf_ref": "https://192.168.142.135/api/vrfcontext/vrfcontext-7ca334bc-74d0-4c74-b972-87345a9623b6"
          },
          "private": "bnVsbA==",
          "dependencies": [
            "avi_healthmonitor.hm"
          ]
        }
      ]
    },
    {
      "mode": "managed",
      "type": "avi_virtualservice",
      "name": "https_vs",
      "provider": "provider.avi",
      "instances": [
        {
          "schema_version": 0,
          "attributes": {
            "active_standby_se_tag": "ACTIVE_STANDBY_SE_1",
            "allow_invalid_client_cert": false,
            "analytics_policy": [],
            "analytics_profile_ref": "https://192.168.142.135/api/analyticsprofile/analyticsprofile-f31307e8-dd70-427f-909c-bd16055ca216",
            "apic_contract_graph": null,
            "application_profile_ref": "https://192.168.142.135/api/applicationprofile/applicationprofile-e6861e7f-3449-45e5-8465-1407df28c948",
            "bulk_sync_kvcache": false,
            "client_auth": [],
            "close_client_conn_on_config_update": false,
            "cloud_config_cksum": null,
            "cloud_ref": "https://192.168.142.135/api/cloud/cloud-e0b4294d-1985-4a04-960b-7c660bbdd0ff",
            "cloud_type": "CLOUD_LINUXSERVER",
            "connections_rate_limit": [],
            "content_rewrite": [],
            "created_by": null,
            "delay_fairness": false,
            "description": null,
            "dns_info": [
              {
                "algorithm": "DNS_RECORD_RESPONSE_CONSISTENT_HASH",
                "cname": [],
                "fqdn": "tfApp.lsc.avidemo.fr",
                "num_records_in_response": 1,
                "ttl": 0,
                "type": "DNS_RECORD_A"
              }
            ],
            "dns_policies": [],
            "east_west_placement": false,
            "enable_autogw": true,
            "enable_rhi": null,
            "enable_rhi_snat": null,
            "enabled": true,
            "error_page_profile_ref": null,
            "flow_dist": "LOAD_AWARE",
            "flow_label_type": "NO_LABEL",
            "fqdn": null,
            "host_name_xlate": null,
            "http_policies": [],
            "id": "https://192.168.142.135/api/virtualservice/virtualservice-589c13a5-1fc5-43d1-82c8-bd7399cf5042",
            "ign_pool_net_reach": false,
            "l4_policies": [],
            "limit_doser": false,
            "max_cps_per_client": 0,
            "microservice_ref": null,
            "min_pools_up": null,
            "name": "tfApp",
            "network_profile_ref": "https://192.168.142.135/api/networkprofile/networkprofile-d8c3038e-aadf-4332-a533-dbbc9e76e408",
            "network_security_policy_ref": null,
            "nsx_securitygroup": null,
            "performance_limits": [],
            "pool_group_ref": null,
            "pool_ref": "https://192.168.142.135/api/pool/pool-e035a665-34ad-4f8d-a1e6-d49a5dc53aee",
            "remove_listening_port_on_vs_down": false,
            "requests_rate_limit": [],
            "saml_sp_config": [],
            "scaleout_ecmp": false,
            "se_group_ref": "https://192.168.142.135/api/serviceenginegroup/serviceenginegroup-72b071c5-5209-4f04-bd6b-356ee66a6421",
            "security_policy_ref": null,
            "server_network_profile_ref": null,
            "service_metadata": null,
            "service_pool_select": [],
            "services": [
              {
                "enable_ssl": true,
                "override_application_profile_ref": "",
                "override_network_profile_ref": "",
                "port": 443,
                "port_range_end": 0
              }
            ],
            "sideband_profile": [],
            "snat_ip": [],
            "ssl_key_and_certificate_refs": [
              "https://192.168.142.135/api/sslkeyandcertificate/sslkeyandcertificate-548d02ad-45cc-4f5a-9b52-e7a4fe94131f"
            ],
            "ssl_profile_ref": "https://192.168.142.135/api/sslprofile/sslprofile-13657815-7f4c-499a-b873-78932065bde8",
            "ssl_profile_selectors": [],
            "ssl_sess_cache_avg_size": 1024,
            "sso_policy_ref": null,
            "static_dns_records": [],
            "tenant_ref": "https://192.168.142.135/api/tenant/admin",
            "test_se_datastore_level_1_ref": null,
            "topology_policies": [],
            "traffic_clone_profile_ref": null,
            "traffic_enabled": true,
            "type": "VS_TYPE_NORMAL",
            "use_bridge_ip_as_vip": false,
            "use_vip_as_snat": false,
            "uuid": "virtualservice-589c13a5-1fc5-43d1-82c8-bd7399cf5042",
            "vh_domain_name": null,
            "vh_parent_vs_uuid": null,
            "vip": [
              {
                "auto_allocate_floating_ip": false,
                "auto_allocate_ip": true,
                "auto_allocate_ip_type": "V4_ONLY",
                "availability_zone": "",
                "avi_allocated_fip": false,
                "avi_allocated_vip": false,
                "discovered_networks": [],
                "enabled": true,
                "floating_ip": [],
                "floating_ip6": [],
                "floating_subnet6_uuid": "",
                "floating_subnet_uuid": "",
                "ip6_address": [],
                "ip_address": [
                  {
                    "addr": "10.1.2.54",
                    "type": "V4"
                  }
                ],
                "ipam_network_subnet": [
                  {
                    "network_ref": "/api/network/?name=net-avi",
                    "subnet": [
                      {
                        "ip_addr": [
                          {
                            "addr": "10.1.2.0",
                            "type": "V4"
                          }
                        ],
                        "mask": 24
                      }
                    ],
                    "subnet6": [],
                    "subnet6_uuid": "",
                    "subnet_uuid": ""
                  }
                ],
                "network_ref": "",
                "placement_networks": [],
                "port_uuid": "",
                "subnet": [],
                "subnet6": [],
                "subnet6_uuid": "",
                "subnet_uuid": "",
                "vip_id": ""
              }
            ],
            "vrf_context_ref": "https://192.168.142.135/api/vrfcontext/vrfcontext-7ca334bc-74d0-4c74-b972-87345a9623b6",
            "vs_datascripts": [],
            "vsvip_cloud_config_cksum": null,
            "vsvip_ref": "https://192.168.142.135/api/vsvip/vsvip-fc49c557-defa-4dbd-8db9-8ab2f4b0194b",
            "waf_policy_ref": null,
            "weight": 1
          },
          "private": "bnVsbA==",
          "dependencies": [
            "avi_healthmonitor.hm",
            "avi_pool.lbpool"
          ]
        }
      ]
    }
  ]
}
