{
  "version": 4,
  "terraform_version": "0.13.0",
  "serial": 1012,
  "lineage": "fa978aeb-4d0b-12b8-7b1d-ed45db96b3f9",
  "outputs": {
    "aviCreds": {
      "value": {
        "api_version": "20.1.1",
        "controller": "192.168.142.135",
        "password": "erre_TEL=",
        "username": "terraform"
      },
      "type": [
        "object",
        {
          "api_version": "string",
          "controller": "string",
          "password": "string",
          "username": "string"
        }
      ]
    },
    "aviTenant": {
      "value": "admin",
      "type": "string"
    },
    "domaineName": {
      "value": "lsc.avidemo.fr",
      "type": "string"
    },
    "networkName": {
      "value": "net-avi",
      "type": "string"
    },
    "networkUuid": {
      "value": "network-1c68a114-20c1-43c3-9425-402d48e627e2",
      "type": "string"
    },
    "networkaddr": {
      "value": "10.1.2.0",
      "type": "string"
    },
    "networkmask": {
      "value": 24,
      "type": "number"
    },
    "networktype": {
      "value": "V4",
      "type": "string"
    }
  },
  "resources": [
    {
      "mode": "data",
      "type": "avi_applicationprofile",
      "name": "application_profile1",
      "provider": "provider[\"registry.terraform.io/terraform-providers/avi\"]",
      "instances": [
        {
          "schema_version": 0,
          "attributes": {
            "cloud_config_cksum": null,
            "created_by": null,
            "description": null,
            "dns_service_profile": [],
            "dos_rl_profile": [],
            "http_profile": [
              {
                "allow_dots_in_header_name": false,
                "cache_config": [
                  {
                    "age_header": false,
                    "aggressive": false,
                    "date_header": false,
                    "default_expire": 0,
                    "enabled": false,
                    "heuristic_expire": false,
                    "ignore_request_cache_control": false,
                    "max_cache_size": 0,
                    "max_object_size": 0,
                    "mime_types_black_group_refs": [],
                    "mime_types_black_list": [],
                    "mime_types_group_refs": [
                      "https://192.168.142.135/api/stringgroup/stringgroup-224b6638-e0ed-4972-b396-dad659820dcb"
                    ],
                    "mime_types_list": [],
                    "min_object_size": 0,
                    "query_cacheable": false,
                    "uri_non_cacheable": [],
                    "xcache_header": false
                  }
                ],
                "client_body_timeout": 0,
                "client_header_timeout": 0,
                "client_max_body_size": 0,
                "client_max_header_size": 0,
                "client_max_request_size": 0,
                "compression_profile": [
                  {
                    "compressible_content_ref": "https://192.168.142.135/api/stringgroup/stringgroup-10b60654-2ed2-4f7b-aca5-aea01042d932",
                    "compression": false,
                    "filter": [],
                    "remove_accept_encoding_header": true,
                    "type": "AUTO_COMPRESSION"
                  }
                ],
                "connection_multiplexing_enabled": false,
                "disable_keepalive_posts_msie6": false,
                "disable_sni_hostname_check": false,
                "enable_chunk_merge": false,
                "enable_fire_and_forget": false,
                "enable_request_body_buffering": false,
                "enable_request_body_metrics": false,
                "fwd_close_hdr_for_bound_connections": false,
                "hsts_enabled": true,
                "hsts_max_age": 0,
                "hsts_subdomains_enabled": false,
                "http2_enabled": false,
                "http_to_https": true,
                "httponly_enabled": true,
                "keepalive_header": false,
                "keepalive_timeout": 0,
                "max_bad_rps_cip": 0,
                "max_bad_rps_cip_uri": 0,
                "max_bad_rps_uri": 0,
                "max_http2_concurrent_streams_per_connection": 0,
                "max_http2_control_frames_per_connection": 0,
                "max_http2_empty_data_frames_per_connection": 0,
                "max_http2_queued_frames_to_client_per_connection": 0,
                "max_keepalive_requests": 0,
                "max_response_headers_size": 0,
                "max_rps_cip": 0,
                "max_rps_cip_uri": 0,
                "max_rps_unknown_cip": 0,
                "max_rps_unknown_uri": 0,
                "max_rps_uri": 0,
                "pki_profile_ref": "",
                "post_accept_timeout": 0,
                "reset_conn_http_on_ssl_port": false,
                "respond_with_100_continue": false,
                "secure_cookie_enabled": true,
                "server_side_redirect_to_https": true,
                "ssl_client_certificate_action": [],
                "ssl_client_certificate_mode": "",
                "use_app_keepalive_timeout": false,
                "websockets_enabled": false,
                "x_forwarded_proto_enabled": true,
                "xff_alternate_name": "",
                "xff_enabled": false
              }
            ],
            "id": "https://192.168.142.135/api/applicationprofile/applicationprofile-9edd4381-d236-4202-a7b4-dea12c391d8d",
            "name": "System-Secure-HTTP",
            "preserve_client_ip": null,
            "preserve_client_port": null,
            "sip_service_profile": [],
            "tcp_app_profile": [],
            "tenant_ref": "https://192.168.142.135/api/tenant/admin",
            "type": "APPLICATION_PROFILE_TYPE_HTTP",
            "uuid": "applicationprofile-9edd4381-d236-4202-a7b4-dea12c391d8d"
          }
        }
      ]
    },
    {
      "mode": "data",
      "type": "avi_cloud",
      "name": "default_cloud",
      "provider": "provider[\"registry.terraform.io/terraform-providers/avi\"]",
      "instances": [
        {
          "schema_version": 0,
          "attributes": {
            "apic_configuration": [],
            "apic_mode": null,
            "autoscale_polling_interval": null,
            "aws_configuration": [],
            "azure_configuration": [],
            "cloudstack_configuration": [],
            "custom_tags": null,
            "dhcp_enabled": null,
            "dns_provider_ref": "https://192.168.142.135/api/ipamdnsproviderprofile/ipamdnsproviderprofile-53abc0aa-6806-4177-85dc-9e168abe8187",
            "dns_resolution_on_se": null,
            "docker_configuration": [],
            "east_west_dns_provider_ref": null,
            "east_west_ipam_provider_ref": null,
            "enable_vip_on_all_interfaces": null,
            "enable_vip_static_routes": null,
            "gcp_configuration": [],
            "id": "https://192.168.142.135/api/cloud/cloud-59c1f31c-876e-4576-b96f-4abe6d595cc8",
            "ip6_autocfg_enabled": null,
            "ipam_provider_ref": "https://192.168.142.135/api/ipamdnsproviderprofile/ipamdnsproviderprofile-bebac284-90e4-40de-b7b5-8b485ac64e4a",
            "license_tier": "ENTERPRISE",
            "license_type": "LIC_CORES",
            "linuxserver_configuration": [
              {
                "hosts": [
                  {
                    "host_attr": [
                      {
                        "attr_key": "CPU",
                        "attr_val": "1"
                      },
                      {
                        "attr_key": "MEMORY",
                        "attr_val": "1"
                      },
                      {
                        "attr_key": "DPDK",
                        "attr_val": "No"
                      },
                      {
                        "attr_key": "SE_INBAND_MGMT",
                        "attr_val": "False"
                      }
                    ],
                    "host_ip": [
                      {
                        "addr": "192.168.142.130",
                        "type": "V4"
                      }
                    ],
                    "node_availability_zone": "",
                    "se_group_ref": "https://192.168.142.135/api/serviceenginegroup/serviceenginegroup-bad910fd-8cc0-4fa8-ad3c-b5b3af203d1b"
                  },
                  {
                    "host_attr": [
                      {
                        "attr_key": "CPU",
                        "attr_val": "1"
                      },
                      {
                        "attr_key": "MEMORY",
                        "attr_val": "1"
                      },
                      {
                        "attr_key": "DPDK",
                        "attr_val": "No"
                      },
                      {
                        "attr_key": "SE_INBAND_MGMT",
                        "attr_val": "False"
                      }
                    ],
                    "host_ip": [
                      {
                        "addr": "192.168.142.129",
                        "type": "V4"
                      }
                    ],
                    "node_availability_zone": "",
                    "se_group_ref": "https://192.168.142.135/api/serviceenginegroup/serviceenginegroup-bad910fd-8cc0-4fa8-ad3c-b5b3af203d1b"
                  }
                ],
                "se_inband_mgmt": false,
                "se_log_disk_path": "",
                "se_log_disk_size_gb": 0,
                "se_sys_disk_path": "",
                "se_sys_disk_size_gb": 0,
                "ssh_user_ref": "https://192.168.142.135/api/cloudconnectoruser/cloudconnectoruser-914003a3-4f51-4a37-aefd-ce8a855b870f"
              }
            ],
            "mtu": null,
            "name": "Default-Cloud",
            "nsx_configuration": [],
            "obj_name_prefix": null,
            "openstack_configuration": [],
            "oshiftk8s_configuration": [],
            "prefer_static_routes": null,
            "proxy_configuration": [],
            "rancher_configuration": [],
            "se_group_template_ref": null,
            "state_based_dns_registration": null,
            "tenant_ref": "https://192.168.142.135/api/tenant/admin",
            "uuid": "cloud-59c1f31c-876e-4576-b96f-4abe6d595cc8",
            "vca_configuration": [],
            "vcenter_configuration": [],
            "vtype": "CLOUD_LINUXSERVER"
          }
        }
      ]
    },
    {
      "mode": "data",
      "type": "avi_ipamdnsproviderprofile",
      "name": "dns",
      "provider": "provider[\"registry.terraform.io/terraform-providers/avi\"]",
      "instances": [
        {
          "schema_version": 0,
          "attributes": {
            "allocate_ip_in_vrf": null,
            "aws_profile": [],
            "azure_profile": [],
            "custom_profile": [],
            "gcp_profile": [],
            "id": "https://192.168.142.135/api/ipamdnsproviderprofile/ipamdnsproviderprofile-53abc0aa-6806-4177-85dc-9e168abe8187",
            "infoblox_profile": [],
            "internal_profile": [
              {
                "dns_service_domain": [
                  {
                    "domain_name": "lsc.avidemo.fr",
                    "num_dns_ip": 0,
                    "pass_through": false,
                    "record_ttl": 100
                  }
                ],
                "dns_virtualservice_ref": "",
                "ttl": 300,
                "usable_network_refs": []
              }
            ],
            "name": "dns-avi",
            "oci_profile": [],
            "openstack_profile": [],
            "proxy_configuration": [],
            "tenant_ref": "https://192.168.142.135/api/tenant/admin",
            "tencent_profile": [],
            "type": "IPAMDNS_TYPE_INTERNAL_DNS",
            "uuid": "ipamdnsproviderprofile-53abc0aa-6806-4177-85dc-9e168abe8187"
          }
        }
      ]
    },
    {
      "mode": "data",
      "type": "avi_ipamdnsproviderprofile",
      "name": "ipam",
      "provider": "provider[\"registry.terraform.io/terraform-providers/avi\"]",
      "instances": [
        {
          "schema_version": 0,
          "attributes": {
            "allocate_ip_in_vrf": null,
            "aws_profile": [],
            "azure_profile": [],
            "custom_profile": [],
            "gcp_profile": [],
            "id": "https://192.168.142.135/api/ipamdnsproviderprofile/ipamdnsproviderprofile-bebac284-90e4-40de-b7b5-8b485ac64e4a",
            "infoblox_profile": [],
            "internal_profile": [
              {
                "dns_service_domain": [],
                "dns_virtualservice_ref": "",
                "ttl": 0,
                "usable_network_refs": [
                  "https://192.168.142.135/api/network/network-1c68a114-20c1-43c3-9425-402d48e627e2"
                ]
              }
            ],
            "name": "ipam-avi",
            "oci_profile": [],
            "openstack_profile": [],
            "proxy_configuration": [],
            "tenant_ref": "https://192.168.142.135/api/tenant/admin",
            "tencent_profile": [],
            "type": "IPAMDNS_TYPE_INTERNAL",
            "uuid": "ipamdnsproviderprofile-bebac284-90e4-40de-b7b5-8b485ac64e4a"
          }
        }
      ]
    },
    {
      "mode": "data",
      "type": "avi_network",
      "name": "network",
      "provider": "provider[\"registry.terraform.io/terraform-providers/avi\"]",
      "instances": [
        {
          "schema_version": 0,
          "attributes": {
            "cloud_ref": "https://192.168.142.135/api/cloud/cloud-59c1f31c-876e-4576-b96f-4abe6d595cc8",
            "configured_subnets": [
              {
                "prefix": [
                  {
                    "ip_addr": [
                      {
                        "addr": "10.1.2.0",
                        "type": "V4"
                      }
                    ],
                    "mask": 24
                  }
                ],
                "static_ips": [],
                "static_ranges": [
                  {
                    "begin": [
                      {
                        "addr": "10.1.2.51",
                        "type": "V4"
                      }
                    ],
                    "end": [
                      {
                        "addr": "10.1.2.100",
                        "type": "V4"
                      }
                    ]
                  }
                ]
              }
            ],
            "dhcp_enabled": false,
            "exclude_discovered_subnets": null,
            "id": "https://192.168.142.135/api/network/network-1c68a114-20c1-43c3-9425-402d48e627e2",
            "ip6_autocfg_enabled": null,
            "labels": null,
            "name": "net-avi",
            "synced_from_se": null,
            "tenant_ref": "https://192.168.142.135/api/tenant/admin",
            "uuid": "network-1c68a114-20c1-43c3-9425-402d48e627e2",
            "vcenter_dvs": null,
            "vrf_context_ref": "https://192.168.142.135/api/vrfcontext/vrfcontext-3b8c947e-1b75-4158-a914-6f4873f071d3"
          }
        }
      ]
    },
    {
      "mode": "data",
      "type": "avi_networkprofile",
      "name": "network_profile1",
      "provider": "provider[\"registry.terraform.io/terraform-providers/avi\"]",
      "instances": [
        {
          "schema_version": 0,
          "attributes": {
            "connection_mirror": null,
            "description": null,
            "id": "https://192.168.142.135/api/networkprofile/networkprofile-28a0cd71-fe12-4943-ae47-dc9226003f67",
            "name": "System-TCP-Proxy",
            "profile": [
              {
                "tcp_fast_path_profile": [],
                "tcp_proxy_profile": [],
                "type": "PROTOCOL_TYPE_TCP_PROXY",
                "udp_fast_path_profile": [],
                "udp_proxy_profile": []
              }
            ],
            "tenant_ref": "https://192.168.142.135/api/tenant/admin",
            "uuid": "networkprofile-28a0cd71-fe12-4943-ae47-dc9226003f67"
          }
        }
      ]
    },
    {
      "mode": "data",
      "type": "avi_sslkeyandcertificate",
      "name": "ssl_cert1",
      "provider": "provider[\"registry.terraform.io/terraform-providers/avi\"]",
      "instances": [
        {
          "schema_version": 0,
          "attributes": {
            "ca_certs": null,
            "certificate": [
              {
                "certificate": "-----BEGIN CERTIFICATE-----\nMIIDOjCCAiKgAwIBAgIJANLsa1VMKmIhMA0GCSqGSIb3DQEBCwUAMB4xHDAaBgNV\nBAMME1N5c3RlbSBEZWZhdWx0IENlcnQwHhcNMjAwODExMDk1MjIyWhcNMzAwODA5\nMDk1MjIyWjAeMRwwGgYDVQQDDBNTeXN0ZW0gRGVmYXVsdCBDZXJ0MIIBIjANBgkq\nhkiG9w0BAQEFAAOCAQ8AMIIBCgKCAQEAwXymwyOmvENegH9nvAhZyr/X7VWdGBIW\nTugHashfqUFGX6xtszINeSsIY6T7M1sh60vOfFRhflVWzh5r/6iSvQzrto+cKLW3\nF5ECJLMie+iGBR3ZRxJ+KgJRYe4TOGOR45nL2Iq2VkFTQBm04a4n8bcOUQmZVPxw\n9/imet27uCSrpDhu3BR/e8RPeWP0jkA8oGoyALx+8Ul6mNZPk/UFbQX+UW6+akjt\nKi60optcBzre6BEwxWwe9oUii01jLnWIUe4gJxFCsGDIDdsxZVuy4LdMYk6wGp13\nOgXb+mTZkxR6yV36qIPnPZjFWlDOk42gyym/uaPESsmqmg1RwCUHUQIDAQABo3sw\neTAJBgNVHRMEAjAAMCwGCWCGSAGG+EIBDQQfFh1PcGVuU1NMIEdlbmVyYXRlZCBD\nZXJ0aWZpY2F0ZTAdBgNVHQ4EFgQURlNvjJ4uACNZrjAIij9nbYJzMZ4wHwYDVR0j\nBBgwFoAURlNvjJ4uACNZrjAIij9nbYJzMZ4wDQYJKoZIhvcNAQELBQADggEBACsr\nBBjxNqpwM0GQzK+dvrQSoEysrJcUbRn2oxMZpoOZdmwFH5q3LyZfFI476RErgfYf\nXHWL3ursPvAZMyBnDdkEmGlqhDjfPWDDOQ5fmLNWOTCY2NAuHZE3yZn6C1tkwfvk\nD4DWYfzXiDCUOnopzYNKgbtp4CMwMRByxf2Ynt+cypJg60zSGQ+R3pXlEULJJd+9\nezXeGAZSb9CzKOXWDpCC6nRkBg402nNqHbVF7RfUTE7L+7goRJ8liAMesUcBkz9v\nLDAr9hBTuKK9pyady3SCnpOimUrXXlsmLFNnjYgoQi7xxlHv+bBGVUBAZEYi24Ba\nmQL5vKZDe0xrkaMN0Bg=\n-----END CERTIFICATE-----\n",
                "certificate_signing_request": "",
                "chain_verified": false,
                "days_until_expire": 3650,
                "expiry_status": "",
                "fingerprint": "SHA1 Fingerprint=74:AC:19:A2:C1:68:39:48:39:FA:3B:D2:03:ED:F5:42:53:91:0F:06\n",
                "issuer": [
                  {
                    "common_name": "System Default Cert",
                    "country": "",
                    "distinguished_name": "CN=System Default Cert",
                    "email_address": "",
                    "locality": "",
                    "organization": "",
                    "organization_unit": "",
                    "state": ""
                  }
                ],
                "key_params": [],
                "not_after": "2030-08-09 09:52:22",
                "not_before": "2020-08-11 09:52:22",
                "public_key": "-----BEGIN PUBLIC KEY-----\nMIIBIjANBgkqhkiG9w0BAQEFAAOCAQ8AMIIBCgKCAQEAwXymwyOmvENegH9nvAhZ\nyr/X7VWdGBIWTugHashfqUFGX6xtszINeSsIY6T7M1sh60vOfFRhflVWzh5r/6iS\nvQzrto+cKLW3F5ECJLMie+iGBR3ZRxJ+KgJRYe4TOGOR45nL2Iq2VkFTQBm04a4n\n8bcOUQmZVPxw9/imet27uCSrpDhu3BR/e8RPeWP0jkA8oGoyALx+8Ul6mNZPk/UF\nbQX+UW6+akjtKi60optcBzre6BEwxWwe9oUii01jLnWIUe4gJxFCsGDIDdsxZVuy\n4LdMYk6wGp13OgXb+mTZkxR6yV36qIPnPZjFWlDOk42gyym/uaPESsmqmg1RwCUH\nUQIDAQAB\n-----END PUBLIC KEY-----\n",
                "self_signed": true,
                "serial_number": "15198640856562819617",
                "signature": "",
                "signature_algorithm": "sha256WithRSAEncryption",
                "subject": [
                  {
                    "common_name": "System Default Cert",
                    "country": "",
                    "distinguished_name": "CN=System Default Cert",
                    "email_address": "",
                    "locality": "",
                    "organization": "",
                    "organization_unit": "",
                    "state": ""
                  }
                ],
                "subject_alt_names": [],
                "text": "Certificate:\n    Data:\n        Version: 3 (0x2)\n        Serial Number: 15198640856562819617 (0xd2ec6b554c2a6221)\n    Signature Algorithm: sha256WithRSAEncryption\n        Issuer: CN=System Default Cert\n        Validity\n            Not Before: Aug 11 09:52:22 2020 GMT\n            Not After : Aug  9 09:52:22 2030 GMT\n        Subject: CN=System Default Cert\n        Subject Public Key Info:\n            Public Key Algorithm: rsaEncryption\n                Public-Key: (2048 bit)\n                Modulus:\n                    00:c1:7c:a6:c3:23:a6:bc:43:5e:80:7f:67:bc:08:\n                    59:ca:bf:d7:ed:55:9d:18:12:16:4e:e8:07:6a:c8:\n                    5f:a9:41:46:5f:ac:6d:b3:32:0d:79:2b:08:63:a4:\n                    fb:33:5b:21:eb:4b:ce:7c:54:61:7e:55:56:ce:1e:\n                    6b:ff:a8:92:bd:0c:eb:b6:8f:9c:28:b5:b7:17:91:\n                    02:24:b3:22:7b:e8:86:05:1d:d9:47:12:7e:2a:02:\n                    51:61:ee:13:38:63:91:e3:99:cb:d8:8a:b6:56:41:\n                    53:40:19:b4:e1:ae:27:f1:b7:0e:51:09:99:54:fc:\n                    70:f7:f8:a6:7a:dd:bb:b8:24:ab:a4:38:6e:dc:14:\n                    7f:7b:c4:4f:79:63:f4:8e:40:3c:a0:6a:32:00:bc:\n                    7e:f1:49:7a:98:d6:4f:93:f5:05:6d:05:fe:51:6e:\n                    be:6a:48:ed:2a:2e:b4:a2:9b:5c:07:3a:de:e8:11:\n                    30:c5:6c:1e:f6:85:22:8b:4d:63:2e:75:88:51:ee:\n                    20:27:11:42:b0:60:c8:0d:db:31:65:5b:b2:e0:b7:\n                    4c:62:4e:b0:1a:9d:77:3a:05:db:fa:64:d9:93:14:\n                    7a:c9:5d:fa:a8:83:e7:3d:98:c5:5a:50:ce:93:8d:\n                    a0:cb:29:bf:b9:a3:c4:4a:c9:aa:9a:0d:51:c0:25:\n                    07:51\n                Exponent: 65537 (0x10001)\n        X509v3 extensions:\n            X509v3 Basic Constraints: \n                CA:FALSE\n            Netscape Comment: \n                OpenSSL Generated Certificate\n            X509v3 Subject Key Identifier: \n                46:53:6F:8C:9E:2E:00:23:59:AE:30:08:8A:3F:67:6D:82:73:31:9E\n            X509v3 Authority Key Identifier: \n                keyid:46:53:6F:8C:9E:2E:00:23:59:AE:30:08:8A:3F:67:6D:82:73:31:9E\n\n    Signature Algorithm: sha256WithRSAEncryption\n         2b:2b:04:18:f1:36:aa:70:33:41:90:cc:af:9d:be:b4:12:a0:\n         4c:ac:ac:97:14:6d:19:f6:a3:13:19:a6:83:99:76:6c:05:1f:\n         9a:b7:2f:26:5f:14:8e:3b:e9:11:2b:81:f6:1f:5c:75:8b:de:\n         ea:ec:3e:f0:19:33:20:67:0d:d9:04:98:69:6a:84:38:df:3d:\n         60:c3:39:0e:5f:98:b3:56:39:30:98:d8:d0:2e:1d:91:37:c9:\n         99:fa:0b:5b:64:c1:fb:e4:0f:80:d6:61:fc:d7:88:30:94:3a:\n         7a:29:cd:83:4a:81:bb:69:e0:23:30:31:10:72:c5:fd:98:9e:\n         df:9c:ca:92:60:eb:4c:d2:19:0f:91:de:95:e5:11:42:c9:25:\n         df:bd:7b:35:de:18:06:52:6f:d0:b3:28:e5:d6:0e:90:82:ea:\n         74:64:06:0e:34:da:73:6a:1d:b5:45:ed:17:d4:4c:4e:cb:fb:\n         b8:28:44:9f:25:88:03:1e:b1:47:01:93:3f:6f:2c:30:2b:f6:\n         10:53:b8:a2:bd:a7:26:9d:cb:74:82:9e:93:a2:99:4a:d7:5e:\n         5b:26:2c:53:67:8d:88:28:42:2e:f1:c6:51:ef:f9:b0:46:55:\n         40:40:64:46:22:db:80:5a:99:02:f9:bc:a6:43:7b:4c:6b:91:\n         a3:0d:d0:18\n",
                "version": "2"
              }
            ],
            "certificate_base64": null,
            "certificate_management_profile_ref": null,
            "created_by": null,
            "dynamic_params": null,
            "enckey_base64": null,
            "enckey_name": null,
            "format": null,
            "hardwaresecuritymodulegroup_ref": null,
            "id": "https://192.168.142.135/api/sslkeyandcertificate/sslkeyandcertificate-a8282c65-2ccd-4cad-810b-4adafa9944cd",
            "key": "\u003csensitive\u003e",
            "key_base64": null,
            "key_params": [
              {
                "algorithm": "SSL_KEY_ALGORITHM_RSA",
                "ec_params": [],
                "rsa_params": []
              }
            ],
            "key_passphrase": null,
            "name": "System-Default-Cert",
            "status": null,
            "tenant_ref": "https://192.168.142.135/api/tenant/admin",
            "type": "SSL_CERTIFICATE_TYPE_VIRTUALSERVICE",
            "uuid": "sslkeyandcertificate-a8282c65-2ccd-4cad-810b-4adafa9944cd"
          }
        }
      ]
    },
    {
      "mode": "data",
      "type": "avi_sslprofile",
      "name": "ssl_profile1",
      "provider": "provider[\"registry.terraform.io/terraform-providers/avi\"]",
      "instances": [
        {
          "schema_version": 0,
          "attributes": {
            "accepted_ciphers": "ECDHE-ECDSA-AES128-GCM-SHA256:ECDHE-ECDSA-AES128-SHA:ECDHE-ECDSA-AES256-SHA:ECDHE-ECDSA-AES256-GCM-SHA384:ECDHE-ECDSA-AES128-SHA256:ECDHE-ECDSA-AES256-SHA384:ECDHE-RSA-AES128-GCM-SHA256:ECDHE-RSA-AES256-GCM-SHA384:ECDHE-RSA-AES128-SHA:ECDHE-RSA-AES128-SHA256:ECDHE-RSA-AES256-SHA:ECDHE-RSA-AES256-SHA384:AES128-GCM-SHA256:AES256-GCM-SHA384:AES128-SHA256:AES256-SHA256:AES128-SHA:AES256-SHA",
            "accepted_versions": [
              {
                "type": "SSL_VERSION_TLS1"
              },
              {
                "type": "SSL_VERSION_TLS1_1"
              },
              {
                "type": "SSL_VERSION_TLS1_2"
              }
            ],
            "cipher_enums": [
              "TLS_ECDHE_ECDSA_WITH_AES_128_GCM_SHA256",
              "TLS_ECDHE_ECDSA_WITH_AES_128_CBC_SHA",
              "TLS_ECDHE_ECDSA_WITH_AES_256_CBC_SHA",
              "TLS_ECDHE_ECDSA_WITH_AES_256_GCM_SHA384",
              "TLS_ECDHE_ECDSA_WITH_AES_128_CBC_SHA256",
              "TLS_ECDHE_ECDSA_WITH_AES_256_CBC_SHA384",
              "TLS_ECDHE_RSA_WITH_AES_128_GCM_SHA256",
              "TLS_ECDHE_RSA_WITH_AES_256_GCM_SHA384",
              "TLS_ECDHE_RSA_WITH_AES_128_CBC_SHA",
              "TLS_ECDHE_RSA_WITH_AES_128_CBC_SHA256",
              "TLS_ECDHE_RSA_WITH_AES_256_CBC_SHA",
              "TLS_ECDHE_RSA_WITH_AES_256_CBC_SHA384",
              "TLS_RSA_WITH_AES_128_GCM_SHA256",
              "TLS_RSA_WITH_AES_256_GCM_SHA384",
              "TLS_RSA_WITH_AES_128_CBC_SHA256",
              "TLS_RSA_WITH_AES_256_CBC_SHA256",
              "TLS_RSA_WITH_AES_128_CBC_SHA",
              "TLS_RSA_WITH_AES_256_CBC_SHA"
            ],
            "ciphersuites": "",
            "description": null,
            "dhparam": "-----BEGIN DH PARAMETERS-----\nMIIBCAKCAQEAohUmEGbnPo1dxqvGg7zslnKTZAPPNnE7l1SdTbuPbsYF83J+VDkE\npUorADcUydwdPM9nTLEk4qKGnNsbt0S+WXf6EcP0oa+rjRFXsvb4B+tD4VHGmtDA\n/iivo51hKu93xaoS0xe9TjI9ZZBcirzyz3V55u/OICgNwRM6nL/Fxx3RXG3LGHP4\nJF73p/kR5cNB9ebYuKYaEzkTOg6pmCyguBEBdg40br+I59rQLgzn2WMRb1bZRUzy\nqSIIAMyok9/bsaxyCCsgVzkTPTtlYM9ooJzSGarlNaBhP3AerMdCV6rAQFYfP9vw\nKvbiJcx+IEdHViJLl2LAFl/gYxOnIBHAswIBAg==\n-----END DH PARAMETERS-----\n",
            "enable_early_data": null,
            "enable_ssl_session_reuse": null,
            "id": "https://192.168.142.135/api/sslprofile/sslprofile-dda04db9-82e6-42b5-8adf-9887213f13b4",
            "name": "System-Standard",
            "prefer_client_cipher_ordering": null,
            "send_close_notify": null,
            "ssl_rating": [
              {
                "compatibility_rating": "SSL_SCORE_EXCELLENT",
                "performance_rating": "SSL_SCORE_EXCELLENT",
                "security_score": "100.0"
              }
            ],
            "ssl_session_timeout": null,
            "tags": null,
            "tenant_ref": "https://192.168.142.135/api/tenant/admin",
            "type": null,
            "uuid": "sslprofile-dda04db9-82e6-42b5-8adf-9887213f13b4"
          }
        }
      ]
    },
    {
      "mode": "managed",
      "type": "avi_healthmonitor",
      "name": "hm",
      "provider": "provider[\"registry.terraform.io/terraform-providers/avi\"]",
      "instances": [
        {
          "schema_version": 0,
          "attributes": {
            "allow_duplicate_monitors": null,
            "description": null,
            "disable_quickstart": null,
            "dns_monitor": [],
            "external_monitor": [],
            "failed_checks": 2,
            "http_monitor": [
              {
                "exact_http_request": false,
                "http_request": "HEAD / HTTP/1.0",
                "http_response": "",
                "http_response_code": [
                  "HTTP_2XX",
                  "HTTP_3XX",
                  "HTTP_5XX"
                ],
                "maintenance_code": [],
                "maintenance_response": "",
                "ssl_attributes": []
              }
            ],
            "https_monitor": [],
            "id": "https://192.168.142.135/api/healthmonitor/healthmonitor-71cf134b-e3fc-4914-ae71-d900c2faf622",
            "is_federated": false,
            "monitor_port": null,
            "name": "tfHm1",
            "radius_monitor": [],
            "receive_timeout": 1,
            "send_interval": 1,
            "sip_monitor": [],
            "successful_checks": 2,
            "tcp_monitor": [],
            "tenant_ref": "https://192.168.142.135/api/tenant/admin",
            "type": "HEALTH_MONITOR_HTTP",
            "udp_monitor": [],
            "uuid": "healthmonitor-71cf134b-e3fc-4914-ae71-d900c2faf622"
          },
          "private": "bnVsbA=="
        }
      ]
    },
    {
      "mode": "managed",
      "type": "avi_pool",
      "name": "lbpool",
      "provider": "provider[\"registry.terraform.io/terraform-providers/avi\"]",
      "instances": [
        {
          "schema_version": 0,
          "attributes": {
            "analytics_policy": [],
            "analytics_profile_ref": "https://192.168.142.135/api/analyticsprofile/analyticsprofile-e69a8799-d047-407a-9ede-f2a1b9194abf",
            "apic_epg_name": null,
            "application_persistence_profile_ref": null,
            "autoscale_launch_config_ref": null,
            "autoscale_networks": null,
            "autoscale_policy_ref": null,
            "capacity_estimation": false,
            "capacity_estimation_ttfb_thresh": 0,
            "cloud_config_cksum": null,
            "cloud_ref": "https://192.168.142.135/api/cloud/cloud-59c1f31c-876e-4576-b96f-4abe6d595cc8",
            "conn_pool_properties": [],
            "connection_ramp_duration": 10,
            "created_by": null,
            "default_server_port": 80,
            "delete_server_on_dns_refresh": true,
            "description": null,
            "domain_name": null,
            "east_west": null,
            "enabled": true,
            "external_autoscale_groups": null,
            "fail_action": [],
            "fewest_tasks_feedback_delay": 10,
            "graceful_disable_timeout": 1,
            "health_monitor_refs": [
              "https://192.168.142.135/api/healthmonitor/healthmonitor-71cf134b-e3fc-4914-ae71-d900c2faf622"
            ],
            "host_check_enabled": false,
            "id": "https://192.168.142.135/api/pool/pool-1002e202-5187-4885-b545-e82d551165a0",
            "ignore_servers": false,
            "inline_health_monitor": true,
            "ipaddrgroup_ref": null,
            "lb_algorithm": "LB_ALGORITHM_ROUND_ROBIN",
            "lb_algorithm_consistent_hash_hdr": null,
            "lb_algorithm_core_nonaffinity": 2,
            "lb_algorithm_hash": "LB_ALGORITHM_CONSISTENT_HASH_SOURCE_IP_ADDRESS",
            "lookup_server_by_name": false,
            "max_concurrent_connections_per_server": 0,
            "max_conn_rate_per_server": [],
            "min_health_monitors_up": null,
            "min_servers_up": null,
            "name": "tfPool1",
            "networks": [],
            "nsx_securitygroup": null,
            "pki_profile_ref": null,
            "placement_networks": [],
            "request_queue_depth": 128,
            "request_queue_enabled": false,
            "rewrite_host_header_to_server_name": false,
            "rewrite_host_header_to_sni": false,
            "server_name": null,
            "server_reselect": [],
            "server_timeout": 0,
            "servers": [
              {
                "autoscaling_group_name": "",
                "availability_zone": "",
                "description": "",
                "discovered_networks": [],
                "enabled": true,
                "external_orchestration_id": "",
                "external_uuid": "",
                "hostname": "",
                "ip": [
                  {
                    "addr": "172.16.3.252",
                    "type": "V4"
                  }
                ],
                "location": [],
                "mac_address": "",
                "nw_ref": "",
                "port": 80,
                "prst_hdr_val": "",
                "ratio": 1,
                "resolve_server_by_dns": false,
                "rewrite_host_header": false,
                "server_node": "",
                "static": false,
                "verify_network": false,
                "vm_ref": ""
              },
              {
                "autoscaling_group_name": "",
                "availability_zone": "",
                "description": "",
                "discovered_networks": [],
                "enabled": true,
                "external_orchestration_id": "",
                "external_uuid": "",
                "hostname": "",
                "ip": [
                  {
                    "addr": "172.16.3.253",
                    "type": "V4"
                  }
                ],
                "location": [],
                "mac_address": "",
                "nw_ref": "",
                "port": 80,
                "prst_hdr_val": "",
                "ratio": 1,
                "resolve_server_by_dns": false,
                "rewrite_host_header": false,
                "server_node": "",
                "static": false,
                "verify_network": false,
                "vm_ref": ""
              }
            ],
            "service_metadata": null,
            "sni_enabled": true,
            "ssl_key_and_certificate_ref": null,
            "ssl_profile_ref": null,
            "tenant_ref": "https://192.168.142.135/api/tenant/admin",
            "use_service_port": false,
            "uuid": "pool-1002e202-5187-4885-b545-e82d551165a0",
            "vrf_ref": "https://192.168.142.135/api/vrfcontext/vrfcontext-3b8c947e-1b75-4158-a914-6f4873f071d3"
          },
          "private": "bnVsbA==",
          "dependencies": [
            "avi_healthmonitor.hm"
          ]
        }
      ]
    },
    {
      "mode": "managed",
      "type": "avi_virtualservice",
      "name": "https_vs",
      "provider": "provider[\"registry.terraform.io/terraform-providers/avi\"]",
      "instances": [
        {
          "schema_version": 0,
          "attributes": {
            "active_standby_se_tag": "ACTIVE_STANDBY_SE_1",
            "allow_invalid_client_cert": false,
            "analytics_policy": [
              {
                "all_headers": true,
                "client_insights": "NO_INSIGHTS",
                "client_insights_sampling": [],
                "client_log_filters": [],
                "full_client_logs": [
                  {
                    "duration": 0,
                    "enabled": true,
                    "throttle": 10
                  }
                ],
                "metrics_realtime_update": [
                  {
                    "duration": 0,
                    "enabled": true
                  }
                ],
                "significant_log_throttle": 0,
                "udf_log_throttle": 10
              }
            ],
            "analytics_profile_ref": "https://192.168.142.135/api/analyticsprofile/analyticsprofile-e69a8799-d047-407a-9ede-f2a1b9194abf",
            "apic_contract_graph": null,
            "application_profile_ref": "https://192.168.142.135/api/applicationprofile/applicationprofile-9edd4381-d236-4202-a7b4-dea12c391d8d",
            "bulk_sync_kvcache": false,
            "client_auth": [],
            "close_client_conn_on_config_update": false,
            "cloud_config_cksum": null,
            "cloud_ref": "https://192.168.142.135/api/cloud/cloud-59c1f31c-876e-4576-b96f-4abe6d595cc8",
            "cloud_type": "CLOUD_LINUXSERVER",
            "connections_rate_limit": [],
            "content_rewrite": [],
            "created_by": null,
            "delay_fairness": false,
            "description": null,
            "dns_info": [
              {
                "algorithm": "DNS_RECORD_RESPONSE_CONSISTENT_HASH",
                "cname": [],
                "fqdn": "tfApp.lsc.avidemo.fr",
                "num_records_in_response": 1,
                "ttl": 0,
                "type": "DNS_RECORD_A"
              }
            ],
            "dns_policies": [],
            "east_west_placement": false,
            "enable_autogw": true,
            "enable_rhi": null,
            "enable_rhi_snat": null,
            "enabled": true,
            "error_page_profile_ref": null,
            "flow_dist": "LOAD_AWARE",
            "flow_label_type": "NO_LABEL",
            "fqdn": null,
            "host_name_xlate": null,
            "http_policies": [],
            "id": "https://192.168.142.135/api/virtualservice/virtualservice-6615ba10-1d7d-4c77-8723-9053732e7ac0",
            "ign_pool_net_reach": false,
            "l4_policies": [],
            "limit_doser": false,
            "max_cps_per_client": 0,
            "microservice_ref": null,
            "min_pools_up": null,
            "name": "tfApp",
            "network_profile_ref": "https://192.168.142.135/api/networkprofile/networkprofile-28a0cd71-fe12-4943-ae47-dc9226003f67",
            "network_security_policy_ref": null,
            "nsx_securitygroup": null,
            "performance_limits": [],
            "pool_group_ref": null,
            "pool_ref": "https://192.168.142.135/api/pool/pool-1002e202-5187-4885-b545-e82d551165a0",
            "remove_listening_port_on_vs_down": false,
            "requests_rate_limit": [],
            "saml_sp_config": [],
            "scaleout_ecmp": false,
            "se_group_ref": "https://192.168.142.135/api/serviceenginegroup/serviceenginegroup-bad910fd-8cc0-4fa8-ad3c-b5b3af203d1b",
            "security_policy_ref": null,
            "server_network_profile_ref": null,
            "service_metadata": null,
            "service_pool_select": [],
            "services": [
              {
                "enable_ssl": true,
                "override_application_profile_ref": "",
                "override_network_profile_ref": "",
                "port": 443,
                "port_range_end": 0
              }
            ],
            "sideband_profile": [],
            "snat_ip": [],
            "ssl_key_and_certificate_refs": [
              "https://192.168.142.135/api/sslkeyandcertificate/sslkeyandcertificate-a8282c65-2ccd-4cad-810b-4adafa9944cd"
            ],
            "ssl_profile_ref": "https://192.168.142.135/api/sslprofile/sslprofile-dda04db9-82e6-42b5-8adf-9887213f13b4",
            "ssl_profile_selectors": [],
            "ssl_sess_cache_avg_size": 1024,
            "sso_policy_ref": null,
            "static_dns_records": [],
            "tenant_ref": "https://192.168.142.135/api/tenant/admin",
            "test_se_datastore_level_1_ref": null,
            "topology_policies": [],
            "traffic_clone_profile_ref": null,
            "traffic_enabled": true,
            "type": "VS_TYPE_NORMAL",
            "use_bridge_ip_as_vip": false,
            "use_vip_as_snat": false,
            "uuid": "virtualservice-6615ba10-1d7d-4c77-8723-9053732e7ac0",
            "vh_domain_name": null,
            "vh_parent_vs_uuid": null,
            "vip": [
              {
                "auto_allocate_floating_ip": false,
                "auto_allocate_ip": true,
                "auto_allocate_ip_type": "V4_ONLY",
                "availability_zone": "",
                "avi_allocated_fip": false,
                "avi_allocated_vip": false,
                "discovered_networks": [],
                "enabled": true,
                "floating_ip": [],
                "floating_ip6": [],
                "floating_subnet6_uuid": "",
                "floating_subnet_uuid": "",
                "ip6_address": [],
                "ip_address": [
                  {
                    "addr": "10.1.2.56",
                    "type": "V4"
                  }
                ],
                "ipam_network_subnet": [
                  {
                    "network_ref": "/api/network/network-1c68a114-20c1-43c3-9425-402d48e627e2",
                    "subnet": [
                      {
                        "ip_addr": [
                          {
                            "addr": "10.1.2.0",
                            "type": "V4"
                          }
                        ],
                        "mask": 24
                      }
                    ],
                    "subnet6": [],
                    "subnet6_uuid": "",
                    "subnet_uuid": ""
                  }
                ],
                "network_ref": "",
                "placement_networks": [],
                "port_uuid": "",
                "subnet": [],
                "subnet6": [],
                "subnet6_uuid": "",
                "subnet_uuid": "",
                "vip_id": "0"
              }
            ],
            "vrf_context_ref": "https://192.168.142.135/api/vrfcontext/vrfcontext-3b8c947e-1b75-4158-a914-6f4873f071d3",
            "vs_datascripts": [],
            "vsvip_cloud_config_cksum": null,
            "vsvip_ref": "https://192.168.142.135/api/vsvip/vsvip-20df993e-8ec6-4260-af08-8c5f68ae77f1",
            "waf_policy_ref": null,
            "weight": 1
          },
          "private": "bnVsbA==",
          "dependencies": [
            "avi_healthmonitor.hm",
            "avi_pool.lbpool",
            "data.avi_applicationprofile.application_profile1",
            "data.avi_networkprofile.network_profile1",
            "data.avi_sslkeyandcertificate.ssl_cert1",
            "data.avi_sslprofile.ssl_profile1"
          ]
        }
      ]
    },
    {
      "mode": "managed",
      "type": "avi_vsvip",
      "name": "vsvip",
      "provider": "provider[\"registry.terraform.io/terraform-providers/avi\"]",
      "instances": [
        {
          "schema_version": 0,
          "attributes": {
            "cloud_ref": "https://192.168.142.135/api/cloud/cloud-59c1f31c-876e-4576-b96f-4abe6d595cc8",
            "dns_info": [
              {
                "algorithm": "DNS_RECORD_RESPONSE_CONSISTENT_HASH",
                "cname": [],
                "fqdn": "tfApp.lsc.avidemo.fr",
                "num_records_in_response": 1,
                "ttl": 0,
                "type": "DNS_RECORD_A"
              }
            ],
            "east_west_placement": false,
            "id": "https://192.168.142.135/api/vsvip/vsvip-20df993e-8ec6-4260-af08-8c5f68ae77f1",
            "name": "vsvip-tfApp",
            "tenant_ref": "https://192.168.142.135/api/tenant/admin",
            "use_standard_alb": null,
            "uuid": "vsvip-20df993e-8ec6-4260-af08-8c5f68ae77f1",
            "vip": [
              {
                "auto_allocate_floating_ip": false,
                "auto_allocate_ip": true,
                "auto_allocate_ip_type": "V4_ONLY",
                "availability_zone": "",
                "avi_allocated_fip": false,
                "avi_allocated_vip": false,
                "discovered_networks": [],
                "enabled": true,
                "floating_ip": [],
                "floating_ip6": [],
                "floating_subnet6_uuid": "",
                "floating_subnet_uuid": "",
                "ip6_address": [],
                "ip_address": [
                  {
                    "addr": "10.1.2.56",
                    "type": "V4"
                  }
                ],
                "ipam_network_subnet": [
                  {
                    "network_ref": "/api/network/?name=net-avi",
                    "subnet": [
                      {
                        "ip_addr": [
                          {
                            "addr": "10.1.2.0",
                            "type": "V4"
                          }
                        ],
                        "mask": 24
                      }
                    ],
                    "subnet6": [],
                    "subnet6_uuid": "",
                    "subnet_uuid": ""
                  }
                ],
                "network_ref": "",
                "placement_networks": [],
                "port_uuid": "",
                "subnet": [],
                "subnet6": [],
                "subnet6_uuid": "",
                "subnet_uuid": "",
                "vip_id": ""
              }
            ],
            "vrf_context_ref": "https://192.168.142.135/api/vrfcontext/vrfcontext-3b8c947e-1b75-4158-a914-6f4873f071d3",
            "vsvip_cloud_config_cksum": null
          },
          "private": "bnVsbA==",
          "dependencies": [
            "data.avi_ipamdnsproviderprofile.dns",
            "data.avi_network.network"
          ]
        }
      ]
    }
  ]
}
